{"format_version":"1.2","terraform_version":"1.5.7","planned_values":{"outputs":{"aws_network_stack_output":{"sensitive":false},"balancer_dns_url":{"sensitive":false},"domain_dns_url":{"sensitive":false,"type":"string","value":"http://concierge.starlingapps.com"}},"root_module":{"child_modules":[{"resources":[{"address":"module.aws_conciergeapp_stack.aws_appautoscaling_policy.autoscaling_cpu_policy[\"app_server\"]","mode":"managed","type":"aws_appautoscaling_policy","name":"autoscaling_cpu_policy","index":"app_server","provider_name":"registry.terraform.io/hashicorp/aws","schema_version":0,"values":{"name":"AutoScalingCPUPolicy","policy_type":"TargetTrackingScaling","resource_id":"service/concierge-app-ecs-cluster-dev/app-server_service","scalable_dimension":"ecs:service:DesiredCount","service_namespace":"ecs","step_scaling_policy_configuration":[],"target_tracking_scaling_policy_configuration":[{"customized_metric_specification":[],"disable_scale_in":false,"predefined_metric_specification":[{"predefined_metric_type":"ECSServiceAverageCPUUtilization","resource_label":null}],"scale_in_cooldown":10,"scale_out_cooldown":10,"target_value":80}]},"sensitive_values":{"alarm_arns":[],"step_scaling_policy_configuration":[],"target_tracking_scaling_policy_configuration":[{"customized_metric_specification":[],"predefined_metric_specification":[{}]}]}},{"address":"module.aws_conciergeapp_stack.aws_appautoscaling_policy.autoscaling_cpu_policy[\"auth_server\"]","mode":"managed","type":"aws_appautoscaling_policy","name":"autoscaling_cpu_policy","index":"auth_server","provider_name":"registry.terraform.io/hashicorp/aws","schema_version":0,"values":{"name":"AutoScalingCPUPolicy","policy_type":"TargetTrackingScaling","resource_id":"service/concierge-app-ecs-cluster-dev/auth-server_service","scalable_dimension":"ecs:service:DesiredCount","service_namespace":"ecs","step_scaling_policy_configuration":[],"target_tracking_scaling_policy_configuration":[{"customized_metric_specification":[],"disable_scale_in":false,"predefined_metric_specification":[{"predefined_metric_type":"ECSServiceAverageCPUUtilization","resource_label":null}],"scale_in_cooldown":10,"scale_out_cooldown":10,"target_value":80}]},"sensitive_values":{"alarm_arns":[],"step_scaling_policy_configuration":[],"target_tracking_scaling_policy_configuration":[{"customized_metric_specification":[],"predefined_metric_specification":[{}]}]}},{"address":"module.aws_conciergeapp_stack.aws_appautoscaling_policy.autoscaling_memory_policy[\"app_server\"]","mode":"managed","type":"aws_appautoscaling_policy","name":"autoscaling_memory_policy","index":"app_server","provider_name":"registry.terraform.io/hashicorp/aws","schema_version":0,"values":{"name":"AutoScalingMemoryPolicy","policy_type":"TargetTrackingScaling","resource_id":"service/concierge-app-ecs-cluster-dev/app-server_service","scalable_dimension":"ecs:service:DesiredCount","service_namespace":"ecs","step_scaling_policy_configuration":[],"target_tracking_scaling_policy_configuration":[{"customized_metric_specification":[],"disable_scale_in":false,"predefined_metric_specification":[{"predefined_metric_type":"ECSServiceAverageMemoryUtilization","resource_label":null}],"scale_in_cooldown":10,"scale_out_cooldown":10,"target_value":80}]},"sensitive_values":{"alarm_arns":[],"step_scaling_policy_configuration":[],"target_tracking_scaling_policy_configuration":[{"customized_metric_specification":[],"predefined_metric_specification":[{}]}]}},{"address":"module.aws_conciergeapp_stack.aws_appautoscaling_policy.autoscaling_memory_policy[\"auth_server\"]","mode":"managed","type":"aws_appautoscaling_policy","name":"autoscaling_memory_policy","index":"auth_server","provider_name":"registry.terraform.io/hashicorp/aws","schema_version":0,"values":{"name":"AutoScalingMemoryPolicy","policy_type":"TargetTrackingScaling","resource_id":"service/concierge-app-ecs-cluster-dev/auth-server_service","scalable_dimension":"ecs:service:DesiredCount","service_namespace":"ecs","step_scaling_policy_configuration":[],"target_tracking_scaling_policy_configuration":[{"customized_metric_specification":[],"disable_scale_in":false,"predefined_metric_specification":[{"predefined_metric_type":"ECSServiceAverageMemoryUtilization","resource_label":null}],"scale_in_cooldown":10,"scale_out_cooldown":10,"target_value":80}]},"sensitive_values":{"alarm_arns":[],"step_scaling_policy_configuration":[],"target_tracking_scaling_policy_configuration":[{"customized_metric_specification":[],"predefined_metric_specification":[{}]}]}},{"address":"module.aws_conciergeapp_stack.aws_appautoscaling_target.autoscaling_target[\"app_server\"]","mode":"managed","type":"aws_appautoscaling_target","name":"autoscaling_target","index":"app_server","provider_name":"registry.terraform.io/hashicorp/aws","schema_version":0,"values":{"max_capacity":5,"min_capacity":2,"resource_id":"service/concierge-app-ecs-cluster-dev/app-server_service","scalable_dimension":"ecs:service:DesiredCount","service_namespace":"ecs","tags":null},"sensitive_values":{"tags_all":{}}},{"address":"module.aws_conciergeapp_stack.aws_appautoscaling_target.autoscaling_target[\"auth_server\"]","mode":"managed","type":"aws_appautoscaling_target","name":"autoscaling_target","index":"auth_server","provider_name":"registry.terraform.io/hashicorp/aws","schema_version":0,"values":{"max_capacity":1,"min_capacity":1,"resource_id":"service/concierge-app-ecs-cluster-dev/auth-server_service","scalable_dimension":"ecs:service:DesiredCount","service_namespace":"ecs","tags":null},"sensitive_values":{"tags_all":{}}},{"address":"module.aws_conciergeapp_stack.aws_cloudwatch_log_group.app_log_group","mode":"managed","type":"aws_cloudwatch_log_group","name":"app_log_group","provider_name":"registry.terraform.io/hashicorp/aws","schema_version":0,"values":{"kms_key_id":null,"name":"/ecs/fargate/concierge-app","retention_in_days":0,"skip_destroy":false,"tags":{"app_name":"concierge-app","cloud_provider":"AWS","environment":"dev","iac_tool":"Terraform","module_name":"aws_network_stack"},"tags_all":{"app_name":"concierge-app","cloud_provider":"AWS","environment":"dev","iac_tool":"Terraform","module_name":"aws_network_stack"}},"sensitive_values":{"tags":{},"tags_all":{}}},{"address":"module.aws_conciergeapp_stack.aws_db_subnet_group.db_subnet_group_name","mode":"managed","type":"aws_db_subnet_group","name":"db_subnet_group_name","provider_name":"registry.terraform.io/hashicorp/aws","schema_version":0,"values":{"description":"Managed by Terraform","name":"main","tags":{"app_name":"concierge-app","cloud_provider":"AWS","environment":"dev","iac_tool":"Terraform","module_name":"aws_network_stack"},"tags_all":{"app_name":"concierge-app","cloud_provider":"AWS","environment":"dev","iac_tool":"Terraform","module_name":"aws_network_stack"}},"sensitive_values":{"subnet_ids":[],"supported_network_types":[],"tags":{},"tags_all":{}}},{"address":"module.aws_conciergeapp_stack.aws_ecs_service.ecs_service[\"app_server\"]","mode":"managed","type":"aws_ecs_service","name":"ecs_service","index":"app_server","provider_name":"registry.terraform.io/hashicorp/aws","schema_version":0,"values":{"alarms":[],"capacity_provider_strategy":[],"cluster":"concierge-app-ecs-cluster-dev","deployment_circuit_breaker":[],"deployment_controller":[],"deployment_maximum_percent":200,"deployment_minimum_healthy_percent":50,"desired_count":2,"enable_ecs_managed_tags":true,"enable_execute_command":false,"force_new_deployment":true,"health_check_grace_period_seconds":60,"launch_type":"FARGATE","load_balancer":[{"container_name":"app-server","container_port":8090,"elb_name":""}],"name":"app-server_service","network_configuration":[{"assign_public_ip":true}],"ordered_placement_strategy":[],"placement_constraints":[],"propagate_tags":null,"scheduling_strategy":"REPLICA","service_connect_configuration":[],"service_registries":[{"container_name":"app-server","container_port":null,"port":null}],"tags":{"app_name":"concierge-app","cloud_provider":"AWS","environment":"dev","iac_tool":"Terraform","module_name":"aws_network_stack"},"tags_all":{"app_name":"concierge-app","cloud_provider":"AWS","environment":"dev","iac_tool":"Terraform","module_name":"aws_network_stack"},"timeouts":null,"wait_for_steady_state":false},"sensitive_values":{"alarms":[],"capacity_provider_strategy":[],"deployment_circuit_breaker":[],"deployment_controller":[],"load_balancer":[{}],"network_configuration":[{"security_groups":[],"subnets":[]}],"ordered_placement_strategy":[],"placement_constraints":[],"service_connect_configuration":[],"service_registries":[{}],"tags":{},"tags_all":{},"triggers":{}}},{"address":"module.aws_conciergeapp_stack.aws_ecs_service.ecs_service[\"auth_server\"]","mode":"managed","type":"aws_ecs_service","name":"ecs_service","index":"auth_server","provider_name":"registry.terraform.io/hashicorp/aws","schema_version":0,"values":{"alarms":[],"capacity_provider_strategy":[],"cluster":"concierge-app-ecs-cluster-dev","deployment_circuit_breaker":[],"deployment_controller":[],"deployment_maximum_percent":200,"deployment_minimum_healthy_percent":50,"desired_count":1,"enable_ecs_managed_tags":true,"enable_execute_command":false,"force_new_deployment":true,"health_check_grace_period_seconds":60,"launch_type":"FARGATE","load_balancer":[{"container_name":"auth-server","container_port":8080,"elb_name":""}],"name":"auth-server_service","network_configuration":[{"assign_public_ip":true}],"ordered_placement_strategy":[],"placement_constraints":[],"propagate_tags":null,"scheduling_strategy":"REPLICA","service_connect_configuration":[],"service_registries":[{"container_name":"auth-server","container_port":null,"port":null}],"tags":{"app_name":"concierge-app","cloud_provider":"AWS","environment":"dev","iac_tool":"Terraform","module_name":"aws_network_stack"},"tags_all":{"app_name":"concierge-app","cloud_provider":"AWS","environment":"dev","iac_tool":"Terraform","module_name":"aws_network_stack"},"timeouts":null,"wait_for_steady_state":false},"sensitive_values":{"alarms":[],"capacity_provider_strategy":[],"deployment_circuit_breaker":[],"deployment_controller":[],"load_balancer":[{}],"network_configuration":[{"security_groups":[],"subnets":[]}],"ordered_placement_strategy":[],"placement_constraints":[],"service_connect_configuration":[],"service_registries":[{}],"tags":{},"tags_all":{},"triggers":{}}},{"address":"module.aws_conciergeapp_stack.aws_ecs_task_definition.task_definition[\"app_server\"]","mode":"managed","type":"aws_ecs_task_definition","name":"task_definition","index":"app_server","provider_name":"registry.terraform.io/hashicorp/aws","schema_version":1,"values":{"container_definitions":"[{\"cpu\":1024,\"environment\":[{\"name\":\"AUTH_PORT\",\"value\":\"8080\"},{\"name\":\"AUTH_URL\",\"value\":\"http://auth-server.concierge.dev\"}],\"essential\":true,\"image\":\"391361142564.dkr.ecr.us-east-1.amazonaws.com/concierge-aws-test:latest\",\"logConfiguration\":{\"logDriver\":\"awslogs\",\"options\":{\"awslogs-group\":\"/ecs/fargate/concierge-app\",\"awslogs-region\":\"us-east-1\",\"awslogs-stream-prefix\":\"service\"}},\"memory\":2048,\"name\":\"app-server\",\"portMappings\":[{\"containerPort\":8090,\"hostPort\":8090}]}]","cpu":"1024","ephemeral_storage":[],"family":"app-server_task_def","inference_accelerator":[],"ipc_mode":null,"memory":"2048","network_mode":"awsvpc","pid_mode":null,"placement_constraints":[],"proxy_configuration":[],"requires_compatibilities":["FARGATE"],"runtime_platform":[],"skip_destroy":false,"tags":{"app_name":"concierge-app","cloud_provider":"AWS","environment":"dev","iac_tool":"Terraform","module_name":"aws_network_stack"},"tags_all":{"app_name":"concierge-app","cloud_provider":"AWS","environment":"dev","iac_tool":"Terraform","module_name":"aws_network_stack"},"volume":[]},"sensitive_values":{"ephemeral_storage":[],"inference_accelerator":[],"placement_constraints":[],"proxy_configuration":[],"requires_compatibilities":[false],"runtime_platform":[],"tags":{},"tags_all":{},"volume":[]}},{"address":"module.aws_conciergeapp_stack.aws_ecs_task_definition.task_definition[\"auth_server\"]","mode":"managed","type":"aws_ecs_task_definition","name":"task_definition","index":"auth_server","provider_name":"registry.terraform.io/hashicorp/aws","schema_version":1,"values":{"container_definitions":"[{\"cpu\":1024,\"essential\":true,\"image\":\"391361142564.dkr.ecr.us-east-1.amazonaws.com/concierge-auth-server:latest\",\"logConfiguration\":{\"logDriver\":\"awslogs\",\"options\":{\"awslogs-group\":\"/ecs/fargate/concierge-app\",\"awslogs-region\":\"us-east-1\",\"awslogs-stream-prefix\":\"service\"}},\"memory\":2048,\"name\":\"auth-server\",\"portMappings\":[{\"containerPort\":8080,\"hostPort\":8080}]}]","cpu":"1024","ephemeral_storage":[],"family":"auth-server_task_def","inference_accelerator":[],"ipc_mode":null,"memory":"2048","network_mode":"awsvpc","pid_mode":null,"placement_constraints":[],"proxy_configuration":[],"requires_compatibilities":["FARGATE"],"runtime_platform":[],"skip_destroy":false,"tags":{"app_name":"concierge-app","cloud_provider":"AWS","environment":"dev","iac_tool":"Terraform","module_name":"aws_network_stack"},"tags_all":{"app_name":"concierge-app","cloud_provider":"AWS","environment":"dev","iac_tool":"Terraform","module_name":"aws_network_stack"},"volume":[]},"sensitive_values":{"ephemeral_storage":[],"inference_accelerator":[],"placement_constraints":[],"proxy_configuration":[],"requires_compatibilities":[false],"runtime_platform":[],"tags":{},"tags_all":{},"volume":[]}},{"address":"module.aws_conciergeapp_stack.aws_lb_listener_rule.listener_rule[\"app_server\"]","mode":"managed","type":"aws_lb_listener_rule","name":"listener_rule","index":"app_server","provider_name":"registry.terraform.io/hashicorp/aws","schema_version":0,"values":{"action":[{"authenticate_cognito":[],"authenticate_oidc":[],"fixed_response":[],"forward":[],"redirect":[],"type":"forward"}],"condition":[{"host_header":[],"http_header":[],"http_request_method":[],"path_pattern":[{"values":["/app/*"]}],"query_string":[],"source_ip":[]}],"priority":2,"tags":{"app_name":"concierge-app","cloud_provider":"AWS","environment":"dev","iac_tool":"Terraform","module_name":"aws_network_stack"},"tags_all":{"app_name":"concierge-app","cloud_provider":"AWS","environment":"dev","iac_tool":"Terraform","module_name":"aws_network_stack"}},"sensitive_values":{"action":[{"authenticate_cognito":[],"authenticate_oidc":[],"fixed_response":[],"forward":[],"redirect":[]}],"condition":[{"host_header":[],"http_header":[],"http_request_method":[],"path_pattern":[{"values":[false]}],"query_string":[],"source_ip":[]}],"tags":{},"tags_all":{}}},{"address":"module.aws_conciergeapp_stack.aws_lb_listener_rule.listener_rule[\"auth_server\"]","mode":"managed","type":"aws_lb_listener_rule","name":"listener_rule","index":"auth_server","provider_name":"registry.terraform.io/hashicorp/aws","schema_version":0,"values":{"action":[{"authenticate_cognito":[],"authenticate_oidc":[],"fixed_response":[],"forward":[],"redirect":[],"type":"forward"}],"condition":[{"host_header":[],"http_header":[],"http_request_method":[],"path_pattern":[{"values":["/auth/*"]}],"query_string":[],"source_ip":[]}],"priority":1,"tags":{"app_name":"concierge-app","cloud_provider":"AWS","environment":"dev","iac_tool":"Terraform","module_name":"aws_network_stack"},"tags_all":{"app_name":"concierge-app","cloud_provider":"AWS","environment":"dev","iac_tool":"Terraform","module_name":"aws_network_stack"}},"sensitive_values":{"action":[{"authenticate_cognito":[],"authenticate_oidc":[],"fixed_response":[],"forward":[],"redirect":[]}],"condition":[{"host_header":[],"http_header":[],"http_request_method":[],"path_pattern":[{"values":[false]}],"query_string":[],"source_ip":[]}],"tags":{},"tags_all":{}}},{"address":"module.aws_conciergeapp_stack.aws_lb_target_group.target_group[\"app_server\"]","mode":"managed","type":"aws_lb_target_group","name":"target_group","index":"app_server","provider_name":"registry.terraform.io/hashicorp/aws","schema_version":0,"values":{"connection_termination":false,"deregistration_delay":"300","health_check":[{"enabled":true,"healthy_threshold":2,"interval":60,"path":"/app/health","port":"traffic-port","protocol":"HTTP","timeout":5,"unhealthy_threshold":2}],"lambda_multi_value_headers_enabled":false,"name":"app-server-target-group-dev","name_prefix":null,"port":8090,"protocol":"HTTP","proxy_protocol_v2":false,"slow_start":0,"tags":{"app_name":"concierge-app","cloud_provider":"AWS","environment":"dev","iac_tool":"Terraform","module_name":"aws_network_stack"},"tags_all":{"app_name":"concierge-app","cloud_provider":"AWS","environment":"dev","iac_tool":"Terraform","module_name":"aws_network_stack"},"target_type":"ip"},"sensitive_values":{"health_check":[{}],"stickiness":[],"tags":{},"tags_all":{},"target_failover":[]}},{"address":"module.aws_conciergeapp_stack.aws_lb_target_group.target_group[\"auth_server\"]","mode":"managed","type":"aws_lb_target_group","name":"target_group","index":"auth_server","provider_name":"registry.terraform.io/hashicorp/aws","schema_version":0,"values":{"connection_termination":false,"deregistration_delay":"300","health_check":[{"enabled":true,"healthy_threshold":2,"interval":60,"path":"/auth/realms/concierge/","port":"traffic-port","protocol":"HTTP","timeout":5,"unhealthy_threshold":2}],"lambda_multi_value_headers_enabled":false,"name":"auth-server-target-group-dev","name_prefix":null,"port":8080,"protocol":"HTTP","proxy_protocol_v2":false,"slow_start":0,"tags":{"app_name":"concierge-app","cloud_provider":"AWS","environment":"dev","iac_tool":"Terraform","module_name":"aws_network_stack"},"tags_all":{"app_name":"concierge-app","cloud_provider":"AWS","environment":"dev","iac_tool":"Terraform","module_name":"aws_network_stack"},"target_type":"ip"},"sensitive_values":{"health_check":[{}],"stickiness":[],"tags":{},"tags_all":{},"target_failover":[]}},{"address":"module.aws_conciergeapp_stack.aws_security_group.database_sg","mode":"managed","type":"aws_security_group","name":"database_sg","provider_name":"registry.terraform.io/hashicorp/aws","schema_version":1,"values":{"description":"Managed by Terraform","name":"concierge-app-database-sg-dev","revoke_rules_on_delete":false,"tags":{"Description":"Database security group","app_name":"concierge-app","cloud_provider":"AWS","environment":"dev","iac_tool":"Terraform","module_name":"aws_network_stack"},"tags_all":{"Description":"Database security group","app_name":"concierge-app","cloud_provider":"AWS","environment":"dev","iac_tool":"Terraform","module_name":"aws_network_stack"},"timeouts":null},"sensitive_values":{"egress":[],"ingress":[],"tags":{},"tags_all":{}}},{"address":"module.aws_conciergeapp_stack.aws_service_discovery_private_dns_namespace.private_namespace","mode":"managed","type":"aws_service_discovery_private_dns_namespace","name":"private_namespace","provider_name":"registry.terraform.io/hashicorp/aws","schema_version":0,"values":{"description":null,"name":"concierge.dev","tags":{"app_name":"concierge-app","cloud_provider":"AWS","environment":"dev","iac_tool":"Terraform","module_name":"aws_network_stack"},"tags_all":{"app_name":"concierge-app","cloud_provider":"AWS","environment":"dev","iac_tool":"Terraform","module_name":"aws_network_stack"}},"sensitive_values":{"tags":{},"tags_all":{}}},{"address":"module.aws_conciergeapp_stack.aws_service_discovery_service.discovery_service_instance[\"app_server\"]","mode":"managed","type":"aws_service_discovery_service","name":"discovery_service_instance","index":"app_server","provider_name":"registry.terraform.io/hashicorp/aws","schema_version":0,"values":{"description":null,"dns_config":[{"dns_records":[{"ttl":60,"type":"A"}],"routing_policy":"MULTIVALUE"}],"force_destroy":false,"health_check_config":[],"health_check_custom_config":[{"failure_threshold":10}],"name":"app-server","tags":{"app_name":"concierge-app","cloud_provider":"AWS","environment":"dev","iac_tool":"Terraform","module_name":"aws_network_stack"},"tags_all":{"app_name":"concierge-app","cloud_provider":"AWS","environment":"dev","iac_tool":"Terraform","module_name":"aws_network_stack"}},"sensitive_values":{"dns_config":[{"dns_records":[{}]}],"health_check_config":[],"health_check_custom_config":[{}],"tags":{},"tags_all":{}}},{"address":"module.aws_conciergeapp_stack.aws_service_discovery_service.discovery_service_instance[\"auth_server\"]","mode":"managed","type":"aws_service_discovery_service","name":"discovery_service_instance","index":"auth_server","provider_name":"registry.terraform.io/hashicorp/aws","schema_version":0,"values":{"description":null,"dns_config":[{"dns_records":[{"ttl":60,"type":"A"}],"routing_policy":"MULTIVALUE"}],"force_destroy":false,"health_check_config":[],"health_check_custom_config":[{"failure_threshold":10}],"name":"auth-server","tags":{"app_name":"concierge-app","cloud_provider":"AWS","environment":"dev","iac_tool":"Terraform","module_name":"aws_network_stack"},"tags_all":{"app_name":"concierge-app","cloud_provider":"AWS","environment":"dev","iac_tool":"Terraform","module_name":"aws_network_stack"}},"sensitive_values":{"dns_config":[{"dns_records":[{}]}],"health_check_config":[],"health_check_custom_config":[{}],"tags":{},"tags_all":{}}},{"address":"module.aws_conciergeapp_stack.aws_vpc_security_group_egress_rule.db_egress_rule","mode":"managed","type":"aws_vpc_security_group_egress_rule","name":"db_egress_rule","provider_name":"registry.terraform.io/hashicorp/aws","schema_version":0,"values":{"cidr_ipv4":"0.0.0.0/0","cidr_ipv6":null,"description":null,"from_port":-1,"ip_protocol":"-1","prefix_list_id":null,"referenced_security_group_id":null,"tags":null,"tags_all":{},"to_port":-1},"sensitive_values":{"tags_all":{}}},{"address":"module.aws_conciergeapp_stack.aws_vpc_security_group_ingress_rule.db_ingress_rule","mode":"managed","type":"aws_vpc_security_group_ingress_rule","name":"db_ingress_rule","provider_name":"registry.terraform.io/hashicorp/aws","schema_version":0,"values":{"cidr_ipv4":"0.0.0.0/0","cidr_ipv6":null,"description":null,"from_port":5432,"ip_protocol":"tcp","prefix_list_id":null,"referenced_security_group_id":null,"tags":{"app_name":"concierge-app","cloud_provider":"AWS","environment":"dev","iac_tool":"Terraform","module_name":"aws_network_stack"},"tags_all":{"app_name":"concierge-app","cloud_provider":"AWS","environment":"dev","iac_tool":"Terraform","module_name":"aws_network_stack"},"to_port":5432},"sensitive_values":{"tags":{},"tags_all":{}}}],"address":"module.aws_conciergeapp_stack"},{"resources":[{"address":"module.aws_network_stack.aws_ecs_cluster.ecs_cluster","mode":"managed","type":"aws_ecs_cluster","name":"ecs_cluster","provider_name":"registry.terraform.io/hashicorp/aws","schema_version":0,"values":{"configuration":[],"name":"concierge-app-ecs-cluster-dev","service_connect_defaults":[],"setting":[{"name":"containerInsights","value":"enabled"}],"tags":{"app_name":"concierge-app","cloud_provider":"AWS","environment":"dev","iac_tool":"Terraform","module_name":"aws_network_stack"},"tags_all":{"app_name":"concierge-app","cloud_provider":"AWS","environment":"dev","iac_tool":"Terraform","module_name":"aws_network_stack"}},"sensitive_values":{"configuration":[],"service_connect_defaults":[],"setting":[{}],"tags":{},"tags_all":{}}},{"address":"module.aws_network_stack.aws_iam_policy.s3_access_policy","mode":"managed","type":"aws_iam_policy","name":"s3_access_policy","provider_name":"registry.terraform.io/hashicorp/aws","schema_version":0,"values":{"description":"Policy for S3 access","name":"ConciergeAppS3ReadAccessPolicy","path":"/","policy":"{\"Statement\":[{\"Action\":[\"s3:Get*\",\"s3:List*\",\"s3:Describe*\"],\"Effect\":\"Allow\",\"Resource\":\"*\"}],\"Version\":\"2012-10-17\"}","tags":{"app_name":"concierge-app","cloud_provider":"AWS","environment":"dev","iac_tool":"Terraform","module_name":"aws_network_stack"},"tags_all":{"app_name":"concierge-app","cloud_provider":"AWS","environment":"dev","iac_tool":"Terraform","module_name":"aws_network_stack"}},"sensitive_values":{"tags":{},"tags_all":{}}},{"address":"module.aws_network_stack.aws_iam_role.task_execution_role","mode":"managed","type":"aws_iam_role","name":"task_execution_role","provider_name":"registry.terraform.io/hashicorp/aws","schema_version":0,"values":{"assume_role_policy":"{\"Statement\":[{\"Action\":[\"sts:AssumeRole\"],\"Effect\":\"Allow\",\"Principal\":{\"Service\":[\"ecs-tasks.amazonaws.com\"]}}],\"Version\":\"2012-10-17\"}","description":null,"force_detach_policies":false,"max_session_duration":3600,"name":"ConciergeAppDefaultTaskExecutionRole","path":"/","permissions_boundary":null,"tags":{"app_name":"concierge-app","cloud_provider":"AWS","environment":"dev","iac_tool":"Terraform","module_name":"aws_network_stack"},"tags_all":{"app_name":"concierge-app","cloud_provider":"AWS","environment":"dev","iac_tool":"Terraform","module_name":"aws_network_stack"}},"sensitive_values":{"inline_policy":[],"managed_policy_arns":[],"tags":{},"tags_all":{}}},{"address":"module.aws_network_stack.aws_iam_role.task_role","mode":"managed","type":"aws_iam_role","name":"task_role","provider_name":"registry.terraform.io/hashicorp/aws","schema_version":0,"values":{"assume_role_policy":"{\"Statement\":[{\"Action\":\"sts:AssumeRole\",\"Effect\":\"Allow\",\"Principal\":{\"Service\":[\"ecs-tasks.amazonaws.com\"]}}],\"Version\":\"2012-10-17\"}","description":null,"force_detach_policies":false,"max_session_duration":3600,"name":"ConciergeAppDefaultTaskRole","path":"/","permissions_boundary":null,"tags":{"app_name":"concierge-app","cloud_provider":"AWS","environment":"dev","iac_tool":"Terraform","module_name":"aws_network_stack"},"tags_all":{"app_name":"concierge-app","cloud_provider":"AWS","environment":"dev","iac_tool":"Terraform","module_name":"aws_network_stack"}},"sensitive_values":{"inline_policy":[],"managed_policy_arns":[],"tags":{},"tags_all":{}}},{"address":"module.aws_network_stack.aws_iam_role_policy_attachment.policies_for_task_execution_role_attach[\"AWSAppMeshEnvoyAccess\"]","mode":"managed","type":"aws_iam_role_policy_attachment","name":"policies_for_task_execution_role_attach","index":"AWSAppMeshEnvoyAccess","provider_name":"registry.terraform.io/hashicorp/aws","schema_version":0,"values":{"policy_arn":"arn:aws:iam::aws:policy/AWSAppMeshEnvoyAccess"},"sensitive_values":{}},{"address":"module.aws_network_stack.aws_iam_role_policy_attachment.policies_for_task_execution_role_attach[\"AWSXRayDaemonWriteAccess\"]","mode":"managed","type":"aws_iam_role_policy_attachment","name":"policies_for_task_execution_role_attach","index":"AWSXRayDaemonWriteAccess","provider_name":"registry.terraform.io/hashicorp/aws","schema_version":0,"values":{"policy_arn":"arn:aws:iam::aws:policy/AWSXRayDaemonWriteAccess"},"sensitive_values":{}},{"address":"module.aws_network_stack.aws_iam_role_policy_attachment.policies_for_task_execution_role_attach[\"AmazonECSTaskExecutionRolePolicy\"]","mode":"managed","type":"aws_iam_role_policy_attachment","name":"policies_for_task_execution_role_attach","index":"AmazonECSTaskExecutionRolePolicy","provider_name":"registry.terraform.io/hashicorp/aws","schema_version":0,"values":{"policy_arn":"arn:aws:iam::aws:policy/service-role/AmazonECSTaskExecutionRolePolicy"},"sensitive_values":{}},{"address":"module.aws_network_stack.aws_iam_role_policy_attachment.policies_for_task_execution_role_attach[\"CloudWatchLogsFullAccess\"]","mode":"managed","type":"aws_iam_role_policy_attachment","name":"policies_for_task_execution_role_attach","index":"CloudWatchLogsFullAccess","provider_name":"registry.terraform.io/hashicorp/aws","schema_version":0,"values":{"policy_arn":"arn:aws:iam::aws:policy/CloudWatchLogsFullAccess"},"sensitive_values":{}},{"address":"module.aws_network_stack.aws_iam_role_policy_attachment.s3_policy_to_task_role_attach","mode":"managed","type":"aws_iam_role_policy_attachment","name":"s3_policy_to_task_role_attach","provider_name":"registry.terraform.io/hashicorp/aws","schema_version":0,"sensitive_values":{}},{"address":"module.aws_network_stack.aws_internet_gateway.internet_gateway","mode":"managed","type":"aws_internet_gateway","name":"internet_gateway","provider_name":"registry.terraform.io/hashicorp/aws","schema_version":0,"values":{"tags":{"Name":"concierge-app-internet-gw-dev","app_name":"concierge-app","cloud_provider":"AWS","environment":"dev","iac_tool":"Terraform","module_name":"aws_network_stack"},"tags_all":{"Name":"concierge-app-internet-gw-dev","app_name":"concierge-app","cloud_provider":"AWS","environment":"dev","iac_tool":"Terraform","module_name":"aws_network_stack"},"timeouts":null},"sensitive_values":{"tags":{},"tags_all":{}}},{"address":"module.aws_network_stack.aws_internet_gateway_attachment.gateway_attachment","mode":"managed","type":"aws_internet_gateway_attachment","name":"gateway_attachment","provider_name":"registry.terraform.io/hashicorp/aws","schema_version":0,"values":{"timeouts":null},"sensitive_values":{}},{"address":"module.aws_network_stack.aws_lb.public_load_balancer","mode":"managed","type":"aws_lb","name":"public_load_balancer","provider_name":"registry.terraform.io/hashicorp/aws","schema_version":0,"values":{"access_logs":[],"customer_owned_ipv4_pool":null,"desync_mitigation_mode":"defensive","drop_invalid_header_fields":false,"enable_cross_zone_load_balancing":null,"enable_deletion_protection":false,"enable_http2":true,"enable_tls_version_and_cipher_suite_headers":false,"enable_waf_fail_open":false,"enable_xff_client_port":false,"idle_timeout":60,"internal":false,"load_balancer_type":"application","name":"concierge-app-load-balancer-dev","name_prefix":null,"preserve_host_header":false,"tags":{"app_name":"concierge-app","cloud_provider":"AWS","environment":"dev","iac_tool":"Terraform","module_name":"aws_network_stack"},"tags_all":{"app_name":"concierge-app","cloud_provider":"AWS","environment":"dev","iac_tool":"Terraform","module_name":"aws_network_stack"},"timeouts":null,"xff_header_processing_mode":"append"},"sensitive_values":{"access_logs":[],"security_groups":[],"subnet_mapping":[],"subnets":[],"tags":{},"tags_all":{}}},{"address":"module.aws_network_stack.aws_lb_listener.default_lb_listener","mode":"managed","type":"aws_lb_listener","name":"default_lb_listener","provider_name":"registry.terraform.io/hashicorp/aws","schema_version":0,"values":{"alpn_policy":null,"certificate_arn":null,"default_action":[{"authenticate_cognito":[],"authenticate_oidc":[],"fixed_response":[],"forward":[],"redirect":[],"type":"forward"}],"port":80,"protocol":"HTTP","tags":{"app_name":"concierge-app","cloud_provider":"AWS","environment":"dev","iac_tool":"Terraform","module_name":"aws_network_stack"},"tags_all":{"app_name":"concierge-app","cloud_provider":"AWS","environment":"dev","iac_tool":"Terraform","module_name":"aws_network_stack"},"timeouts":null},"sensitive_values":{"default_action":[{"authenticate_cognito":[],"authenticate_oidc":[],"fixed_response":[],"forward":[],"redirect":[]}],"tags":{},"tags_all":{}}},{"address":"module.aws_network_stack.aws_lb_target_group.default_target_group","mode":"managed","type":"aws_lb_target_group","name":"default_target_group","provider_name":"registry.terraform.io/hashicorp/aws","schema_version":0,"values":{"connection_termination":false,"deregistration_delay":"300","health_check":[{"enabled":true,"healthy_threshold":2,"interval":6,"path":"/","port":"traffic-port","protocol":"HTTP","timeout":5,"unhealthy_threshold":2}],"lambda_multi_value_headers_enabled":false,"name":"default-target-group-dev","name_prefix":null,"port":80,"protocol":"HTTP","proxy_protocol_v2":false,"slow_start":0,"tags":{"app_name":"concierge-app","cloud_provider":"AWS","environment":"dev","iac_tool":"Terraform","module_name":"aws_network_stack"},"tags_all":{"app_name":"concierge-app","cloud_provider":"AWS","environment":"dev","iac_tool":"Terraform","module_name":"aws_network_stack"},"target_type":"instance"},"sensitive_values":{"health_check":[{}],"stickiness":[],"tags":{},"tags_all":{},"target_failover":[]}},{"address":"module.aws_network_stack.aws_route.public_route","mode":"managed","type":"aws_route","name":"public_route","provider_name":"registry.terraform.io/hashicorp/aws","schema_version":0,"values":{"carrier_gateway_id":null,"core_network_arn":null,"destination_cidr_block":"0.0.0.0/0","destination_ipv6_cidr_block":null,"destination_prefix_list_id":null,"egress_only_gateway_id":null,"local_gateway_id":null,"nat_gateway_id":null,"timeouts":null,"transit_gateway_id":null,"vpc_endpoint_id":null,"vpc_peering_connection_id":null},"sensitive_values":{}},{"address":"module.aws_network_stack.aws_route53_record.default_dsn_alias_record","mode":"managed","type":"aws_route53_record","name":"default_dsn_alias_record","provider_name":"registry.terraform.io/hashicorp/aws","schema_version":2,"values":{"alias":[{"evaluate_target_health":true}],"cidr_routing_policy":[],"failover_routing_policy":[],"geolocation_routing_policy":[],"health_check_id":null,"latency_routing_policy":[],"multivalue_answer_routing_policy":null,"name":"concierge.starlingapps.com","records":null,"set_identifier":null,"ttl":null,"type":"A","weighted_routing_policy":[],"zone_id":"Z08904531GO4XL1ZZ97AO"},"sensitive_values":{"alias":[{}],"cidr_routing_policy":[],"failover_routing_policy":[],"geolocation_routing_policy":[],"latency_routing_policy":[],"weighted_routing_policy":[]}},{"address":"module.aws_network_stack.aws_route_table.public_route_table","mode":"managed","type":"aws_route_table","name":"public_route_table","provider_name":"registry.terraform.io/hashicorp/aws","schema_version":0,"values":{"tags":{"Name":"concierge-app-route-table-dev","app_name":"concierge-app","cloud_provider":"AWS","environment":"dev","iac_tool":"Terraform","module_name":"aws_network_stack"},"tags_all":{"Name":"concierge-app-route-table-dev","app_name":"concierge-app","cloud_provider":"AWS","environment":"dev","iac_tool":"Terraform","module_name":"aws_network_stack"},"timeouts":null},"sensitive_values":{"propagating_vgws":[],"route":[],"tags":{},"tags_all":{}}},{"address":"module.aws_network_stack.aws_route_table_association.public_subnet_route_table_assoc[0]","mode":"managed","type":"aws_route_table_association","name":"public_subnet_route_table_assoc","index":0,"provider_name":"registry.terraform.io/hashicorp/aws","schema_version":0,"values":{"gateway_id":null,"timeouts":null},"sensitive_values":{}},{"address":"module.aws_network_stack.aws_route_table_association.public_subnet_route_table_assoc[1]","mode":"managed","type":"aws_route_table_association","name":"public_subnet_route_table_assoc","index":1,"provider_name":"registry.terraform.io/hashicorp/aws","schema_version":0,"values":{"gateway_id":null,"timeouts":null},"sensitive_values":{}},{"address":"module.aws_network_stack.aws_security_group.containers_sg","mode":"managed","type":"aws_security_group","name":"containers_sg","provider_name":"registry.terraform.io/hashicorp/aws","schema_version":1,"values":{"description":"Managed by Terraform","name":"concierge-app-container-sg-dev","revoke_rules_on_delete":false,"tags":{"Description":"Allow traffic from container to container inside ecs cluster","app_name":"concierge-app","cloud_provider":"AWS","environment":"dev","iac_tool":"Terraform","module_name":"aws_network_stack"},"tags_all":{"Description":"Allow traffic from container to container inside ecs cluster","app_name":"concierge-app","cloud_provider":"AWS","environment":"dev","iac_tool":"Terraform","module_name":"aws_network_stack"},"timeouts":null},"sensitive_values":{"egress":[],"ingress":[],"tags":{},"tags_all":{}}},{"address":"module.aws_network_stack.aws_security_group.load_balancer_security_group","mode":"managed","type":"aws_security_group","name":"load_balancer_security_group","provider_name":"registry.terraform.io/hashicorp/aws","schema_version":1,"values":{"description":"Managed by Terraform","egress":[{"cidr_blocks":["0.0.0.0/0"],"description":"","from_port":0,"ipv6_cidr_blocks":[],"prefix_list_ids":[],"protocol":"-1","security_groups":[],"self":false,"to_port":0}],"ingress":[{"cidr_blocks":["0.0.0.0/0"],"description":"","from_port":0,"ipv6_cidr_blocks":[],"prefix_list_ids":[],"protocol":"-1","security_groups":[],"self":false,"to_port":0}],"name":"concierge-app-load-blancer-sg-dev","revoke_rules_on_delete":false,"tags":{"Description":"Allow traffic from load balancer to fargate containers","app_name":"concierge-app","cloud_provider":"AWS","environment":"dev","iac_tool":"Terraform","module_name":"aws_network_stack"},"tags_all":{"Description":"Allow traffic from load balancer to fargate containers","app_name":"concierge-app","cloud_provider":"AWS","environment":"dev","iac_tool":"Terraform","module_name":"aws_network_stack"},"timeouts":null},"sensitive_values":{"egress":[{"cidr_blocks":[false],"ipv6_cidr_blocks":[],"prefix_list_ids":[],"security_groups":[]}],"ingress":[{"cidr_blocks":[false],"ipv6_cidr_blocks":[],"prefix_list_ids":[],"security_groups":[]}],"tags":{},"tags_all":{}}},{"address":"module.aws_network_stack.aws_subnet.private_subnets[0]","mode":"managed","type":"aws_subnet","name":"private_subnets","index":0,"provider_name":"registry.terraform.io/hashicorp/aws","schema_version":1,"values":{"assign_ipv6_address_on_creation":false,"availability_zone":"us-east-1a","cidr_block":"10.0.2.0/24","customer_owned_ipv4_pool":null,"enable_dns64":false,"enable_lni_at_device_index":null,"enable_resource_name_dns_a_record_on_launch":false,"enable_resource_name_dns_aaaa_record_on_launch":false,"ipv6_cidr_block":null,"ipv6_native":false,"map_customer_owned_ip_on_launch":null,"map_public_ip_on_launch":false,"outpost_arn":null,"tags":{"Name":"concierge-app-subnet-dev","app_name":"concierge-app","cloud_provider":"AWS","environment":"dev","iac_tool":"Terraform","module_name":"aws_network_stack"},"tags_all":{"Name":"concierge-app-subnet-dev","app_name":"concierge-app","cloud_provider":"AWS","environment":"dev","iac_tool":"Terraform","module_name":"aws_network_stack"},"timeouts":null},"sensitive_values":{"tags":{},"tags_all":{}}},{"address":"module.aws_network_stack.aws_subnet.private_subnets[1]","mode":"managed","type":"aws_subnet","name":"private_subnets","index":1,"provider_name":"registry.terraform.io/hashicorp/aws","schema_version":1,"values":{"assign_ipv6_address_on_creation":false,"availability_zone":"us-east-1b","cidr_block":"10.0.3.0/24","customer_owned_ipv4_pool":null,"enable_dns64":false,"enable_lni_at_device_index":null,"enable_resource_name_dns_a_record_on_launch":false,"enable_resource_name_dns_aaaa_record_on_launch":false,"ipv6_cidr_block":null,"ipv6_native":false,"map_customer_owned_ip_on_launch":null,"map_public_ip_on_launch":false,"outpost_arn":null,"tags":{"Name":"concierge-app-subnet-dev","app_name":"concierge-app","cloud_provider":"AWS","environment":"dev","iac_tool":"Terraform","module_name":"aws_network_stack"},"tags_all":{"Name":"concierge-app-subnet-dev","app_name":"concierge-app","cloud_provider":"AWS","environment":"dev","iac_tool":"Terraform","module_name":"aws_network_stack"},"timeouts":null},"sensitive_values":{"tags":{},"tags_all":{}}},{"address":"module.aws_network_stack.aws_subnet.public_subnets[0]","mode":"managed","type":"aws_subnet","name":"public_subnets","index":0,"provider_name":"registry.terraform.io/hashicorp/aws","schema_version":1,"values":{"assign_ipv6_address_on_creation":false,"availability_zone":"us-east-1a","cidr_block":"10.0.0.0/24","customer_owned_ipv4_pool":null,"enable_dns64":false,"enable_lni_at_device_index":null,"enable_resource_name_dns_a_record_on_launch":false,"enable_resource_name_dns_aaaa_record_on_launch":false,"ipv6_cidr_block":null,"ipv6_native":false,"map_customer_owned_ip_on_launch":null,"map_public_ip_on_launch":true,"outpost_arn":null,"tags":{"Name":"concierge-app-subnet-dev","app_name":"concierge-app","cloud_provider":"AWS","environment":"dev","iac_tool":"Terraform","module_name":"aws_network_stack"},"tags_all":{"Name":"concierge-app-subnet-dev","app_name":"concierge-app","cloud_provider":"AWS","environment":"dev","iac_tool":"Terraform","module_name":"aws_network_stack"},"timeouts":null},"sensitive_values":{"tags":{},"tags_all":{}}},{"address":"module.aws_network_stack.aws_subnet.public_subnets[1]","mode":"managed","type":"aws_subnet","name":"public_subnets","index":1,"provider_name":"registry.terraform.io/hashicorp/aws","schema_version":1,"values":{"assign_ipv6_address_on_creation":false,"availability_zone":"us-east-1b","cidr_block":"10.0.1.0/24","customer_owned_ipv4_pool":null,"enable_dns64":false,"enable_lni_at_device_index":null,"enable_resource_name_dns_a_record_on_launch":false,"enable_resource_name_dns_aaaa_record_on_launch":false,"ipv6_cidr_block":null,"ipv6_native":false,"map_customer_owned_ip_on_launch":null,"map_public_ip_on_launch":true,"outpost_arn":null,"tags":{"Name":"concierge-app-subnet-dev","app_name":"concierge-app","cloud_provider":"AWS","environment":"dev","iac_tool":"Terraform","module_name":"aws_network_stack"},"tags_all":{"Name":"concierge-app-subnet-dev","app_name":"concierge-app","cloud_provider":"AWS","environment":"dev","iac_tool":"Terraform","module_name":"aws_network_stack"},"timeouts":null},"sensitive_values":{"tags":{},"tags_all":{}}},{"address":"module.aws_network_stack.aws_vpc.vpc","mode":"managed","type":"aws_vpc","name":"vpc","provider_name":"registry.terraform.io/hashicorp/aws","schema_version":1,"values":{"assign_generated_ipv6_cidr_block":null,"cidr_block":"10.0.0.0/16","enable_dns_hostnames":true,"enable_dns_support":true,"instance_tenancy":"default","ipv4_ipam_pool_id":null,"ipv4_netmask_length":null,"ipv6_ipam_pool_id":null,"ipv6_netmask_length":null,"tags":{"Name":"concierge-app-vpc-dev","app_name":"concierge-app","cloud_provider":"AWS","environment":"dev","iac_tool":"Terraform","module_name":"aws_network_stack"},"tags_all":{"Name":"concierge-app-vpc-dev","app_name":"concierge-app","cloud_provider":"AWS","environment":"dev","iac_tool":"Terraform","module_name":"aws_network_stack"}},"sensitive_values":{"tags":{},"tags_all":{}}},{"address":"module.aws_network_stack.aws_vpc_security_group_egress_rule.public_traffic_egress_rule","mode":"managed","type":"aws_vpc_security_group_egress_rule","name":"public_traffic_egress_rule","provider_name":"registry.terraform.io/hashicorp/aws","schema_version":0,"values":{"cidr_ipv4":"0.0.0.0/0","cidr_ipv6":null,"description":null,"from_port":-1,"ip_protocol":"-1","prefix_list_id":null,"referenced_security_group_id":null,"tags":null,"tags_all":{},"to_port":-1},"sensitive_values":{"tags_all":{}}},{"address":"module.aws_network_stack.aws_vpc_security_group_ingress_rule.traffic_for_8080_port_ingress_rule","mode":"managed","type":"aws_vpc_security_group_ingress_rule","name":"traffic_for_8080_port_ingress_rule","provider_name":"registry.terraform.io/hashicorp/aws","schema_version":0,"values":{"cidr_ipv4":"0.0.0.0/0","cidr_ipv6":null,"description":null,"from_port":8080,"ip_protocol":"tcp","prefix_list_id":null,"referenced_security_group_id":null,"tags":{"app_name":"concierge-app","cloud_provider":"AWS","environment":"dev","iac_tool":"Terraform","module_name":"aws_network_stack"},"tags_all":{"app_name":"concierge-app","cloud_provider":"AWS","environment":"dev","iac_tool":"Terraform","module_name":"aws_network_stack"},"to_port":8080},"sensitive_values":{"tags":{},"tags_all":{}}},{"address":"module.aws_network_stack.aws_vpc_security_group_ingress_rule.traffic_from_lb_sg_ingress_rule","mode":"managed","type":"aws_vpc_security_group_ingress_rule","name":"traffic_from_lb_sg_ingress_rule","provider_name":"registry.terraform.io/hashicorp/aws","schema_version":0,"values":{"cidr_ipv4":null,"cidr_ipv6":null,"description":null,"from_port":-1,"ip_protocol":"-1","prefix_list_id":null,"tags":{"app_name":"concierge-app","cloud_provider":"AWS","environment":"dev","iac_tool":"Terraform","module_name":"aws_network_stack"},"tags_all":{"app_name":"concierge-app","cloud_provider":"AWS","environment":"dev","iac_tool":"Terraform","module_name":"aws_network_stack"},"to_port":-1},"sensitive_values":{"tags":{},"tags_all":{}}},{"address":"module.aws_network_stack.aws_vpc_security_group_ingress_rule.traffic_from_sg_self_ingress_rule","mode":"managed","type":"aws_vpc_security_group_ingress_rule","name":"traffic_from_sg_self_ingress_rule","provider_name":"registry.terraform.io/hashicorp/aws","schema_version":0,"values":{"cidr_ipv4":null,"cidr_ipv6":null,"description":null,"from_port":-1,"ip_protocol":"-1","prefix_list_id":null,"tags":{"app_name":"concierge-app","cloud_provider":"AWS","environment":"dev","iac_tool":"Terraform","module_name":"aws_network_stack"},"tags_all":{"app_name":"concierge-app","cloud_provider":"AWS","environment":"dev","iac_tool":"Terraform","module_name":"aws_network_stack"},"to_port":-1},"sensitive_values":{"tags":{},"tags_all":{}}}],"address":"module.aws_network_stack"}]}},"resource_changes":[{"address":"module.aws_conciergeapp_stack.aws_appautoscaling_policy.autoscaling_cpu_policy[\"app_server\"]","module_address":"module.aws_conciergeapp_stack","mode":"managed","type":"aws_appautoscaling_policy","name":"autoscaling_cpu_policy","index":"app_server","provider_name":"registry.terraform.io/hashicorp/aws","change":{"actions":["create"],"before":null,"after":{"name":"AutoScalingCPUPolicy","policy_type":"TargetTrackingScaling","resource_id":"service/concierge-app-ecs-cluster-dev/app-server_service","scalable_dimension":"ecs:service:DesiredCount","service_namespace":"ecs","step_scaling_policy_configuration":[],"target_tracking_scaling_policy_configuration":[{"customized_metric_specification":[],"disable_scale_in":false,"predefined_metric_specification":[{"predefined_metric_type":"ECSServiceAverageCPUUtilization","resource_label":null}],"scale_in_cooldown":10,"scale_out_cooldown":10,"target_value":80}]},"after_unknown":{"alarm_arns":true,"arn":true,"id":true,"step_scaling_policy_configuration":[],"target_tracking_scaling_policy_configuration":[{"customized_metric_specification":[],"predefined_metric_specification":[{}]}]},"before_sensitive":false,"after_sensitive":{"alarm_arns":[],"step_scaling_policy_configuration":[],"target_tracking_scaling_policy_configuration":[{"customized_metric_specification":[],"predefined_metric_specification":[{}]}]}}},{"address":"module.aws_conciergeapp_stack.aws_appautoscaling_policy.autoscaling_cpu_policy[\"auth_server\"]","module_address":"module.aws_conciergeapp_stack","mode":"managed","type":"aws_appautoscaling_policy","name":"autoscaling_cpu_policy","index":"auth_server","provider_name":"registry.terraform.io/hashicorp/aws","change":{"actions":["create"],"before":null,"after":{"name":"AutoScalingCPUPolicy","policy_type":"TargetTrackingScaling","resource_id":"service/concierge-app-ecs-cluster-dev/auth-server_service","scalable_dimension":"ecs:service:DesiredCount","service_namespace":"ecs","step_scaling_policy_configuration":[],"target_tracking_scaling_policy_configuration":[{"customized_metric_specification":[],"disable_scale_in":false,"predefined_metric_specification":[{"predefined_metric_type":"ECSServiceAverageCPUUtilization","resource_label":null}],"scale_in_cooldown":10,"scale_out_cooldown":10,"target_value":80}]},"after_unknown":{"alarm_arns":true,"arn":true,"id":true,"step_scaling_policy_configuration":[],"target_tracking_scaling_policy_configuration":[{"customized_metric_specification":[],"predefined_metric_specification":[{}]}]},"before_sensitive":false,"after_sensitive":{"alarm_arns":[],"step_scaling_policy_configuration":[],"target_tracking_scaling_policy_configuration":[{"customized_metric_specification":[],"predefined_metric_specification":[{}]}]}}},{"address":"module.aws_conciergeapp_stack.aws_appautoscaling_policy.autoscaling_memory_policy[\"app_server\"]","module_address":"module.aws_conciergeapp_stack","mode":"managed","type":"aws_appautoscaling_policy","name":"autoscaling_memory_policy","index":"app_server","provider_name":"registry.terraform.io/hashicorp/aws","change":{"actions":["create"],"before":null,"after":{"name":"AutoScalingMemoryPolicy","policy_type":"TargetTrackingScaling","resource_id":"service/concierge-app-ecs-cluster-dev/app-server_service","scalable_dimension":"ecs:service:DesiredCount","service_namespace":"ecs","step_scaling_policy_configuration":[],"target_tracking_scaling_policy_configuration":[{"customized_metric_specification":[],"disable_scale_in":false,"predefined_metric_specification":[{"predefined_metric_type":"ECSServiceAverageMemoryUtilization","resource_label":null}],"scale_in_cooldown":10,"scale_out_cooldown":10,"target_value":80}]},"after_unknown":{"alarm_arns":true,"arn":true,"id":true,"step_scaling_policy_configuration":[],"target_tracking_scaling_policy_configuration":[{"customized_metric_specification":[],"predefined_metric_specification":[{}]}]},"before_sensitive":false,"after_sensitive":{"alarm_arns":[],"step_scaling_policy_configuration":[],"target_tracking_scaling_policy_configuration":[{"customized_metric_specification":[],"predefined_metric_specification":[{}]}]}}},{"address":"module.aws_conciergeapp_stack.aws_appautoscaling_policy.autoscaling_memory_policy[\"auth_server\"]","module_address":"module.aws_conciergeapp_stack","mode":"managed","type":"aws_appautoscaling_policy","name":"autoscaling_memory_policy","index":"auth_server","provider_name":"registry.terraform.io/hashicorp/aws","change":{"actions":["create"],"before":null,"after":{"name":"AutoScalingMemoryPolicy","policy_type":"TargetTrackingScaling","resource_id":"service/concierge-app-ecs-cluster-dev/auth-server_service","scalable_dimension":"ecs:service:DesiredCount","service_namespace":"ecs","step_scaling_policy_configuration":[],"target_tracking_scaling_policy_configuration":[{"customized_metric_specification":[],"disable_scale_in":false,"predefined_metric_specification":[{"predefined_metric_type":"ECSServiceAverageMemoryUtilization","resource_label":null}],"scale_in_cooldown":10,"scale_out_cooldown":10,"target_value":80}]},"after_unknown":{"alarm_arns":true,"arn":true,"id":true,"step_scaling_policy_configuration":[],"target_tracking_scaling_policy_configuration":[{"customized_metric_specification":[],"predefined_metric_specification":[{}]}]},"before_sensitive":false,"after_sensitive":{"alarm_arns":[],"step_scaling_policy_configuration":[],"target_tracking_scaling_policy_configuration":[{"customized_metric_specification":[],"predefined_metric_specification":[{}]}]}}},{"address":"module.aws_conciergeapp_stack.aws_appautoscaling_target.autoscaling_target[\"app_server\"]","module_address":"module.aws_conciergeapp_stack","mode":"managed","type":"aws_appautoscaling_target","name":"autoscaling_target","index":"app_server","provider_name":"registry.terraform.io/hashicorp/aws","change":{"actions":["create"],"before":null,"after":{"max_capacity":5,"min_capacity":2,"resource_id":"service/concierge-app-ecs-cluster-dev/app-server_service","scalable_dimension":"ecs:service:DesiredCount","service_namespace":"ecs","tags":null},"after_unknown":{"arn":true,"id":true,"role_arn":true,"tags_all":true},"before_sensitive":false,"after_sensitive":{"tags_all":{}}}},{"address":"module.aws_conciergeapp_stack.aws_appautoscaling_target.autoscaling_target[\"auth_server\"]","module_address":"module.aws_conciergeapp_stack","mode":"managed","type":"aws_appautoscaling_target","name":"autoscaling_target","index":"auth_server","provider_name":"registry.terraform.io/hashicorp/aws","change":{"actions":["create"],"before":null,"after":{"max_capacity":1,"min_capacity":1,"resource_id":"service/concierge-app-ecs-cluster-dev/auth-server_service","scalable_dimension":"ecs:service:DesiredCount","service_namespace":"ecs","tags":null},"after_unknown":{"arn":true,"id":true,"role_arn":true,"tags_all":true},"before_sensitive":false,"after_sensitive":{"tags_all":{}}}},{"address":"module.aws_conciergeapp_stack.aws_cloudwatch_log_group.app_log_group","module_address":"module.aws_conciergeapp_stack","mode":"managed","type":"aws_cloudwatch_log_group","name":"app_log_group","provider_name":"registry.terraform.io/hashicorp/aws","change":{"actions":["create"],"before":null,"after":{"kms_key_id":null,"name":"/ecs/fargate/concierge-app","retention_in_days":0,"skip_destroy":false,"tags":{"app_name":"concierge-app","cloud_provider":"AWS","environment":"dev","iac_tool":"Terraform","module_name":"aws_network_stack"},"tags_all":{"app_name":"concierge-app","cloud_provider":"AWS","environment":"dev","iac_tool":"Terraform","module_name":"aws_network_stack"}},"after_unknown":{"arn":true,"id":true,"name_prefix":true,"tags":{},"tags_all":{}},"before_sensitive":false,"after_sensitive":{"tags":{},"tags_all":{}}}},{"address":"module.aws_conciergeapp_stack.aws_db_subnet_group.db_subnet_group_name","module_address":"module.aws_conciergeapp_stack","mode":"managed","type":"aws_db_subnet_group","name":"db_subnet_group_name","provider_name":"registry.terraform.io/hashicorp/aws","change":{"actions":["create"],"before":null,"after":{"description":"Managed by Terraform","name":"main","tags":{"app_name":"concierge-app","cloud_provider":"AWS","environment":"dev","iac_tool":"Terraform","module_name":"aws_network_stack"},"tags_all":{"app_name":"concierge-app","cloud_provider":"AWS","environment":"dev","iac_tool":"Terraform","module_name":"aws_network_stack"}},"after_unknown":{"arn":true,"id":true,"name_prefix":true,"subnet_ids":true,"supported_network_types":true,"tags":{},"tags_all":{},"vpc_id":true},"before_sensitive":false,"after_sensitive":{"subnet_ids":[],"supported_network_types":[],"tags":{},"tags_all":{}}}},{"address":"module.aws_conciergeapp_stack.aws_ecs_service.ecs_service[\"app_server\"]","module_address":"module.aws_conciergeapp_stack","mode":"managed","type":"aws_ecs_service","name":"ecs_service","index":"app_server","provider_name":"registry.terraform.io/hashicorp/aws","change":{"actions":["create"],"before":null,"after":{"alarms":[],"capacity_provider_strategy":[],"cluster":"concierge-app-ecs-cluster-dev","deployment_circuit_breaker":[],"deployment_controller":[],"deployment_maximum_percent":200,"deployment_minimum_healthy_percent":50,"desired_count":2,"enable_ecs_managed_tags":true,"enable_execute_command":false,"force_new_deployment":true,"health_check_grace_period_seconds":60,"launch_type":"FARGATE","load_balancer":[{"container_name":"app-server","container_port":8090,"elb_name":""}],"name":"app-server_service","network_configuration":[{"assign_public_ip":true}],"ordered_placement_strategy":[],"placement_constraints":[],"propagate_tags":null,"scheduling_strategy":"REPLICA","service_connect_configuration":[],"service_registries":[{"container_name":"app-server","container_port":null,"port":null}],"tags":{"app_name":"concierge-app","cloud_provider":"AWS","environment":"dev","iac_tool":"Terraform","module_name":"aws_network_stack"},"tags_all":{"app_name":"concierge-app","cloud_provider":"AWS","environment":"dev","iac_tool":"Terraform","module_name":"aws_network_stack"},"timeouts":null,"wait_for_steady_state":false},"after_unknown":{"alarms":[],"capacity_provider_strategy":[],"deployment_circuit_breaker":[],"deployment_controller":[],"iam_role":true,"id":true,"load_balancer":[{"target_group_arn":true}],"network_configuration":[{"security_groups":true,"subnets":true}],"ordered_placement_strategy":[],"placement_constraints":[],"platform_version":true,"service_connect_configuration":[],"service_registries":[{"registry_arn":true}],"tags":{},"tags_all":{},"task_definition":true,"triggers":true},"before_sensitive":false,"after_sensitive":{"alarms":[],"capacity_provider_strategy":[],"deployment_circuit_breaker":[],"deployment_controller":[],"load_balancer":[{}],"network_configuration":[{"security_groups":[],"subnets":[]}],"ordered_placement_strategy":[],"placement_constraints":[],"service_connect_configuration":[],"service_registries":[{}],"tags":{},"tags_all":{},"triggers":{}}}},{"address":"module.aws_conciergeapp_stack.aws_ecs_service.ecs_service[\"auth_server\"]","module_address":"module.aws_conciergeapp_stack","mode":"managed","type":"aws_ecs_service","name":"ecs_service","index":"auth_server","provider_name":"registry.terraform.io/hashicorp/aws","change":{"actions":["create"],"before":null,"after":{"alarms":[],"capacity_provider_strategy":[],"cluster":"concierge-app-ecs-cluster-dev","deployment_circuit_breaker":[],"deployment_controller":[],"deployment_maximum_percent":200,"deployment_minimum_healthy_percent":50,"desired_count":1,"enable_ecs_managed_tags":true,"enable_execute_command":false,"force_new_deployment":true,"health_check_grace_period_seconds":60,"launch_type":"FARGATE","load_balancer":[{"container_name":"auth-server","container_port":8080,"elb_name":""}],"name":"auth-server_service","network_configuration":[{"assign_public_ip":true}],"ordered_placement_strategy":[],"placement_constraints":[],"propagate_tags":null,"scheduling_strategy":"REPLICA","service_connect_configuration":[],"service_registries":[{"container_name":"auth-server","container_port":null,"port":null}],"tags":{"app_name":"concierge-app","cloud_provider":"AWS","environment":"dev","iac_tool":"Terraform","module_name":"aws_network_stack"},"tags_all":{"app_name":"concierge-app","cloud_provider":"AWS","environment":"dev","iac_tool":"Terraform","module_name":"aws_network_stack"},"timeouts":null,"wait_for_steady_state":false},"after_unknown":{"alarms":[],"capacity_provider_strategy":[],"deployment_circuit_breaker":[],"deployment_controller":[],"iam_role":true,"id":true,"load_balancer":[{"target_group_arn":true}],"network_configuration":[{"security_groups":true,"subnets":true}],"ordered_placement_strategy":[],"placement_constraints":[],"platform_version":true,"service_connect_configuration":[],"service_registries":[{"registry_arn":true}],"tags":{},"tags_all":{},"task_definition":true,"triggers":true},"before_sensitive":false,"after_sensitive":{"alarms":[],"capacity_provider_strategy":[],"deployment_circuit_breaker":[],"deployment_controller":[],"load_balancer":[{}],"network_configuration":[{"security_groups":[],"subnets":[]}],"ordered_placement_strategy":[],"placement_constraints":[],"service_connect_configuration":[],"service_registries":[{}],"tags":{},"tags_all":{},"triggers":{}}}},{"address":"module.aws_conciergeapp_stack.aws_ecs_task_definition.task_definition[\"app_server\"]","module_address":"module.aws_conciergeapp_stack","mode":"managed","type":"aws_ecs_task_definition","name":"task_definition","index":"app_server","provider_name":"registry.terraform.io/hashicorp/aws","change":{"actions":["create"],"before":null,"after":{"container_definitions":"[{\"cpu\":1024,\"environment\":[{\"name\":\"AUTH_PORT\",\"value\":\"8080\"},{\"name\":\"AUTH_URL\",\"value\":\"http://auth-server.concierge.dev\"}],\"essential\":true,\"image\":\"391361142564.dkr.ecr.us-east-1.amazonaws.com/concierge-aws-test:latest\",\"logConfiguration\":{\"logDriver\":\"awslogs\",\"options\":{\"awslogs-group\":\"/ecs/fargate/concierge-app\",\"awslogs-region\":\"us-east-1\",\"awslogs-stream-prefix\":\"service\"}},\"memory\":2048,\"name\":\"app-server\",\"portMappings\":[{\"containerPort\":8090,\"hostPort\":8090}]}]","cpu":"1024","ephemeral_storage":[],"family":"app-server_task_def","inference_accelerator":[],"ipc_mode":null,"memory":"2048","network_mode":"awsvpc","pid_mode":null,"placement_constraints":[],"proxy_configuration":[],"requires_compatibilities":["FARGATE"],"runtime_platform":[],"skip_destroy":false,"tags":{"app_name":"concierge-app","cloud_provider":"AWS","environment":"dev","iac_tool":"Terraform","module_name":"aws_network_stack"},"tags_all":{"app_name":"concierge-app","cloud_provider":"AWS","environment":"dev","iac_tool":"Terraform","module_name":"aws_network_stack"},"volume":[]},"after_unknown":{"arn":true,"arn_without_revision":true,"ephemeral_storage":[],"execution_role_arn":true,"id":true,"inference_accelerator":[],"placement_constraints":[],"proxy_configuration":[],"requires_compatibilities":[false],"revision":true,"runtime_platform":[],"tags":{},"tags_all":{},"task_role_arn":true,"volume":[]},"before_sensitive":false,"after_sensitive":{"ephemeral_storage":[],"inference_accelerator":[],"placement_constraints":[],"proxy_configuration":[],"requires_compatibilities":[false],"runtime_platform":[],"tags":{},"tags_all":{},"volume":[]}}},{"address":"module.aws_conciergeapp_stack.aws_ecs_task_definition.task_definition[\"auth_server\"]","module_address":"module.aws_conciergeapp_stack","mode":"managed","type":"aws_ecs_task_definition","name":"task_definition","index":"auth_server","provider_name":"registry.terraform.io/hashicorp/aws","change":{"actions":["create"],"before":null,"after":{"container_definitions":"[{\"cpu\":1024,\"essential\":true,\"image\":\"391361142564.dkr.ecr.us-east-1.amazonaws.com/concierge-auth-server:latest\",\"logConfiguration\":{\"logDriver\":\"awslogs\",\"options\":{\"awslogs-group\":\"/ecs/fargate/concierge-app\",\"awslogs-region\":\"us-east-1\",\"awslogs-stream-prefix\":\"service\"}},\"memory\":2048,\"name\":\"auth-server\",\"portMappings\":[{\"containerPort\":8080,\"hostPort\":8080}]}]","cpu":"1024","ephemeral_storage":[],"family":"auth-server_task_def","inference_accelerator":[],"ipc_mode":null,"memory":"2048","network_mode":"awsvpc","pid_mode":null,"placement_constraints":[],"proxy_configuration":[],"requires_compatibilities":["FARGATE"],"runtime_platform":[],"skip_destroy":false,"tags":{"app_name":"concierge-app","cloud_provider":"AWS","environment":"dev","iac_tool":"Terraform","module_name":"aws_network_stack"},"tags_all":{"app_name":"concierge-app","cloud_provider":"AWS","environment":"dev","iac_tool":"Terraform","module_name":"aws_network_stack"},"volume":[]},"after_unknown":{"arn":true,"arn_without_revision":true,"ephemeral_storage":[],"execution_role_arn":true,"id":true,"inference_accelerator":[],"placement_constraints":[],"proxy_configuration":[],"requires_compatibilities":[false],"revision":true,"runtime_platform":[],"tags":{},"tags_all":{},"task_role_arn":true,"volume":[]},"before_sensitive":false,"after_sensitive":{"ephemeral_storage":[],"inference_accelerator":[],"placement_constraints":[],"proxy_configuration":[],"requires_compatibilities":[false],"runtime_platform":[],"tags":{},"tags_all":{},"volume":[]}}},{"address":"module.aws_conciergeapp_stack.aws_lb_listener_rule.listener_rule[\"app_server\"]","module_address":"module.aws_conciergeapp_stack","mode":"managed","type":"aws_lb_listener_rule","name":"listener_rule","index":"app_server","provider_name":"registry.terraform.io/hashicorp/aws","change":{"actions":["create"],"before":null,"after":{"action":[{"authenticate_cognito":[],"authenticate_oidc":[],"fixed_response":[],"forward":[],"redirect":[],"type":"forward"}],"condition":[{"host_header":[],"http_header":[],"http_request_method":[],"path_pattern":[{"values":["/app/*"]}],"query_string":[],"source_ip":[]}],"priority":2,"tags":{"app_name":"concierge-app","cloud_provider":"AWS","environment":"dev","iac_tool":"Terraform","module_name":"aws_network_stack"},"tags_all":{"app_name":"concierge-app","cloud_provider":"AWS","environment":"dev","iac_tool":"Terraform","module_name":"aws_network_stack"}},"after_unknown":{"action":[{"authenticate_cognito":[],"authenticate_oidc":[],"fixed_response":[],"forward":[],"order":true,"redirect":[],"target_group_arn":true}],"arn":true,"condition":[{"host_header":[],"http_header":[],"http_request_method":[],"path_pattern":[{"values":[false]}],"query_string":[],"source_ip":[]}],"id":true,"listener_arn":true,"tags":{},"tags_all":{}},"before_sensitive":false,"after_sensitive":{"action":[{"authenticate_cognito":[],"authenticate_oidc":[],"fixed_response":[],"forward":[],"redirect":[]}],"condition":[{"host_header":[],"http_header":[],"http_request_method":[],"path_pattern":[{"values":[false]}],"query_string":[],"source_ip":[]}],"tags":{},"tags_all":{}}}},{"address":"module.aws_conciergeapp_stack.aws_lb_listener_rule.listener_rule[\"auth_server\"]","module_address":"module.aws_conciergeapp_stack","mode":"managed","type":"aws_lb_listener_rule","name":"listener_rule","index":"auth_server","provider_name":"registry.terraform.io/hashicorp/aws","change":{"actions":["create"],"before":null,"after":{"action":[{"authenticate_cognito":[],"authenticate_oidc":[],"fixed_response":[],"forward":[],"redirect":[],"type":"forward"}],"condition":[{"host_header":[],"http_header":[],"http_request_method":[],"path_pattern":[{"values":["/auth/*"]}],"query_string":[],"source_ip":[]}],"priority":1,"tags":{"app_name":"concierge-app","cloud_provider":"AWS","environment":"dev","iac_tool":"Terraform","module_name":"aws_network_stack"},"tags_all":{"app_name":"concierge-app","cloud_provider":"AWS","environment":"dev","iac_tool":"Terraform","module_name":"aws_network_stack"}},"after_unknown":{"action":[{"authenticate_cognito":[],"authenticate_oidc":[],"fixed_response":[],"forward":[],"order":true,"redirect":[],"target_group_arn":true}],"arn":true,"condition":[{"host_header":[],"http_header":[],"http_request_method":[],"path_pattern":[{"values":[false]}],"query_string":[],"source_ip":[]}],"id":true,"listener_arn":true,"tags":{},"tags_all":{}},"before_sensitive":false,"after_sensitive":{"action":[{"authenticate_cognito":[],"authenticate_oidc":[],"fixed_response":[],"forward":[],"redirect":[]}],"condition":[{"host_header":[],"http_header":[],"http_request_method":[],"path_pattern":[{"values":[false]}],"query_string":[],"source_ip":[]}],"tags":{},"tags_all":{}}}},{"address":"module.aws_conciergeapp_stack.aws_lb_target_group.target_group[\"app_server\"]","module_address":"module.aws_conciergeapp_stack","mode":"managed","type":"aws_lb_target_group","name":"target_group","index":"app_server","provider_name":"registry.terraform.io/hashicorp/aws","change":{"actions":["create"],"before":null,"after":{"connection_termination":false,"deregistration_delay":"300","health_check":[{"enabled":true,"healthy_threshold":2,"interval":60,"path":"/app/health","port":"traffic-port","protocol":"HTTP","timeout":5,"unhealthy_threshold":2}],"lambda_multi_value_headers_enabled":false,"name":"app-server-target-group-dev","name_prefix":null,"port":8090,"protocol":"HTTP","proxy_protocol_v2":false,"slow_start":0,"tags":{"app_name":"concierge-app","cloud_provider":"AWS","environment":"dev","iac_tool":"Terraform","module_name":"aws_network_stack"},"tags_all":{"app_name":"concierge-app","cloud_provider":"AWS","environment":"dev","iac_tool":"Terraform","module_name":"aws_network_stack"},"target_type":"ip"},"after_unknown":{"arn":true,"arn_suffix":true,"health_check":[{"matcher":true}],"id":true,"ip_address_type":true,"load_balancing_algorithm_type":true,"load_balancing_cross_zone_enabled":true,"preserve_client_ip":true,"protocol_version":true,"stickiness":true,"tags":{},"tags_all":{},"target_failover":true,"vpc_id":true},"before_sensitive":false,"after_sensitive":{"health_check":[{}],"stickiness":[],"tags":{},"tags_all":{},"target_failover":[]}}},{"address":"module.aws_conciergeapp_stack.aws_lb_target_group.target_group[\"auth_server\"]","module_address":"module.aws_conciergeapp_stack","mode":"managed","type":"aws_lb_target_group","name":"target_group","index":"auth_server","provider_name":"registry.terraform.io/hashicorp/aws","change":{"actions":["create"],"before":null,"after":{"connection_termination":false,"deregistration_delay":"300","health_check":[{"enabled":true,"healthy_threshold":2,"interval":60,"path":"/auth/realms/concierge/","port":"traffic-port","protocol":"HTTP","timeout":5,"unhealthy_threshold":2}],"lambda_multi_value_headers_enabled":false,"name":"auth-server-target-group-dev","name_prefix":null,"port":8080,"protocol":"HTTP","proxy_protocol_v2":false,"slow_start":0,"tags":{"app_name":"concierge-app","cloud_provider":"AWS","environment":"dev","iac_tool":"Terraform","module_name":"aws_network_stack"},"tags_all":{"app_name":"concierge-app","cloud_provider":"AWS","environment":"dev","iac_tool":"Terraform","module_name":"aws_network_stack"},"target_type":"ip"},"after_unknown":{"arn":true,"arn_suffix":true,"health_check":[{"matcher":true}],"id":true,"ip_address_type":true,"load_balancing_algorithm_type":true,"load_balancing_cross_zone_enabled":true,"preserve_client_ip":true,"protocol_version":true,"stickiness":true,"tags":{},"tags_all":{},"target_failover":true,"vpc_id":true},"before_sensitive":false,"after_sensitive":{"health_check":[{}],"stickiness":[],"tags":{},"tags_all":{},"target_failover":[]}}},{"address":"module.aws_conciergeapp_stack.aws_security_group.database_sg","module_address":"module.aws_conciergeapp_stack","mode":"managed","type":"aws_security_group","name":"database_sg","provider_name":"registry.terraform.io/hashicorp/aws","change":{"actions":["create"],"before":null,"after":{"description":"Managed by Terraform","name":"concierge-app-database-sg-dev","revoke_rules_on_delete":false,"tags":{"Description":"Database security group","app_name":"concierge-app","cloud_provider":"AWS","environment":"dev","iac_tool":"Terraform","module_name":"aws_network_stack"},"tags_all":{"Description":"Database security group","app_name":"concierge-app","cloud_provider":"AWS","environment":"dev","iac_tool":"Terraform","module_name":"aws_network_stack"},"timeouts":null},"after_unknown":{"arn":true,"egress":true,"id":true,"ingress":true,"name_prefix":true,"owner_id":true,"tags":{},"tags_all":{},"vpc_id":true},"before_sensitive":false,"after_sensitive":{"egress":[],"ingress":[],"tags":{},"tags_all":{}}}},{"address":"module.aws_conciergeapp_stack.aws_service_discovery_private_dns_namespace.private_namespace","module_address":"module.aws_conciergeapp_stack","mode":"managed","type":"aws_service_discovery_private_dns_namespace","name":"private_namespace","provider_name":"registry.terraform.io/hashicorp/aws","change":{"actions":["create"],"before":null,"after":{"description":null,"name":"concierge.dev","tags":{"app_name":"concierge-app","cloud_provider":"AWS","environment":"dev","iac_tool":"Terraform","module_name":"aws_network_stack"},"tags_all":{"app_name":"concierge-app","cloud_provider":"AWS","environment":"dev","iac_tool":"Terraform","module_name":"aws_network_stack"}},"after_unknown":{"arn":true,"hosted_zone":true,"id":true,"tags":{},"tags_all":{},"vpc":true},"before_sensitive":false,"after_sensitive":{"tags":{},"tags_all":{}}}},{"address":"module.aws_conciergeapp_stack.aws_service_discovery_service.discovery_service_instance[\"app_server\"]","module_address":"module.aws_conciergeapp_stack","mode":"managed","type":"aws_service_discovery_service","name":"discovery_service_instance","index":"app_server","provider_name":"registry.terraform.io/hashicorp/aws","change":{"actions":["create"],"before":null,"after":{"description":null,"dns_config":[{"dns_records":[{"ttl":60,"type":"A"}],"routing_policy":"MULTIVALUE"}],"force_destroy":false,"health_check_config":[],"health_check_custom_config":[{"failure_threshold":10}],"name":"app-server","tags":{"app_name":"concierge-app","cloud_provider":"AWS","environment":"dev","iac_tool":"Terraform","module_name":"aws_network_stack"},"tags_all":{"app_name":"concierge-app","cloud_provider":"AWS","environment":"dev","iac_tool":"Terraform","module_name":"aws_network_stack"}},"after_unknown":{"arn":true,"dns_config":[{"dns_records":[{}],"namespace_id":true}],"health_check_config":[],"health_check_custom_config":[{}],"id":true,"namespace_id":true,"tags":{},"tags_all":{},"type":true},"before_sensitive":false,"after_sensitive":{"dns_config":[{"dns_records":[{}]}],"health_check_config":[],"health_check_custom_config":[{}],"tags":{},"tags_all":{}}}},{"address":"module.aws_conciergeapp_stack.aws_service_discovery_service.discovery_service_instance[\"auth_server\"]","module_address":"module.aws_conciergeapp_stack","mode":"managed","type":"aws_service_discovery_service","name":"discovery_service_instance","index":"auth_server","provider_name":"registry.terraform.io/hashicorp/aws","change":{"actions":["create"],"before":null,"after":{"description":null,"dns_config":[{"dns_records":[{"ttl":60,"type":"A"}],"routing_policy":"MULTIVALUE"}],"force_destroy":false,"health_check_config":[],"health_check_custom_config":[{"failure_threshold":10}],"name":"auth-server","tags":{"app_name":"concierge-app","cloud_provider":"AWS","environment":"dev","iac_tool":"Terraform","module_name":"aws_network_stack"},"tags_all":{"app_name":"concierge-app","cloud_provider":"AWS","environment":"dev","iac_tool":"Terraform","module_name":"aws_network_stack"}},"after_unknown":{"arn":true,"dns_config":[{"dns_records":[{}],"namespace_id":true}],"health_check_config":[],"health_check_custom_config":[{}],"id":true,"namespace_id":true,"tags":{},"tags_all":{},"type":true},"before_sensitive":false,"after_sensitive":{"dns_config":[{"dns_records":[{}]}],"health_check_config":[],"health_check_custom_config":[{}],"tags":{},"tags_all":{}}}},{"address":"module.aws_conciergeapp_stack.aws_vpc_security_group_egress_rule.db_egress_rule","module_address":"module.aws_conciergeapp_stack","mode":"managed","type":"aws_vpc_security_group_egress_rule","name":"db_egress_rule","provider_name":"registry.terraform.io/hashicorp/aws","change":{"actions":["create"],"before":null,"after":{"cidr_ipv4":"0.0.0.0/0","cidr_ipv6":null,"description":null,"from_port":-1,"ip_protocol":"-1","prefix_list_id":null,"referenced_security_group_id":null,"tags":null,"tags_all":{},"to_port":-1},"after_unknown":{"arn":true,"id":true,"security_group_id":true,"security_group_rule_id":true,"tags_all":{}},"before_sensitive":false,"after_sensitive":{"tags_all":{}}}},{"address":"module.aws_conciergeapp_stack.aws_vpc_security_group_ingress_rule.db_ingress_rule","module_address":"module.aws_conciergeapp_stack","mode":"managed","type":"aws_vpc_security_group_ingress_rule","name":"db_ingress_rule","provider_name":"registry.terraform.io/hashicorp/aws","change":{"actions":["create"],"before":null,"after":{"cidr_ipv4":"0.0.0.0/0","cidr_ipv6":null,"description":null,"from_port":5432,"ip_protocol":"tcp","prefix_list_id":null,"referenced_security_group_id":null,"tags":{"app_name":"concierge-app","cloud_provider":"AWS","environment":"dev","iac_tool":"Terraform","module_name":"aws_network_stack"},"tags_all":{"app_name":"concierge-app","cloud_provider":"AWS","environment":"dev","iac_tool":"Terraform","module_name":"aws_network_stack"},"to_port":5432},"after_unknown":{"arn":true,"id":true,"security_group_id":true,"security_group_rule_id":true,"tags":{},"tags_all":{}},"before_sensitive":false,"after_sensitive":{"tags":{},"tags_all":{}}}},{"address":"module.aws_network_stack.aws_ecs_cluster.ecs_cluster","module_address":"module.aws_network_stack","mode":"managed","type":"aws_ecs_cluster","name":"ecs_cluster","provider_name":"registry.terraform.io/hashicorp/aws","change":{"actions":["create"],"before":null,"after":{"configuration":[],"name":"concierge-app-ecs-cluster-dev","service_connect_defaults":[],"setting":[{"name":"containerInsights","value":"enabled"}],"tags":{"app_name":"concierge-app","cloud_provider":"AWS","environment":"dev","iac_tool":"Terraform","module_name":"aws_network_stack"},"tags_all":{"app_name":"concierge-app","cloud_provider":"AWS","environment":"dev","iac_tool":"Terraform","module_name":"aws_network_stack"}},"after_unknown":{"arn":true,"configuration":[],"id":true,"service_connect_defaults":[],"setting":[{}],"tags":{},"tags_all":{}},"before_sensitive":false,"after_sensitive":{"configuration":[],"service_connect_defaults":[],"setting":[{}],"tags":{},"tags_all":{}}}},{"address":"module.aws_network_stack.aws_iam_policy.s3_access_policy","module_address":"module.aws_network_stack","mode":"managed","type":"aws_iam_policy","name":"s3_access_policy","provider_name":"registry.terraform.io/hashicorp/aws","change":{"actions":["create"],"before":null,"after":{"description":"Policy for S3 access","name":"ConciergeAppS3ReadAccessPolicy","path":"/","policy":"{\"Statement\":[{\"Action\":[\"s3:Get*\",\"s3:List*\",\"s3:Describe*\"],\"Effect\":\"Allow\",\"Resource\":\"*\"}],\"Version\":\"2012-10-17\"}","tags":{"app_name":"concierge-app","cloud_provider":"AWS","environment":"dev","iac_tool":"Terraform","module_name":"aws_network_stack"},"tags_all":{"app_name":"concierge-app","cloud_provider":"AWS","environment":"dev","iac_tool":"Terraform","module_name":"aws_network_stack"}},"after_unknown":{"arn":true,"id":true,"name_prefix":true,"policy_id":true,"tags":{},"tags_all":{}},"before_sensitive":false,"after_sensitive":{"tags":{},"tags_all":{}}}},{"address":"module.aws_network_stack.aws_iam_role.task_execution_role","module_address":"module.aws_network_stack","mode":"managed","type":"aws_iam_role","name":"task_execution_role","provider_name":"registry.terraform.io/hashicorp/aws","change":{"actions":["create"],"before":null,"after":{"assume_role_policy":"{\"Statement\":[{\"Action\":[\"sts:AssumeRole\"],\"Effect\":\"Allow\",\"Principal\":{\"Service\":[\"ecs-tasks.amazonaws.com\"]}}],\"Version\":\"2012-10-17\"}","description":null,"force_detach_policies":false,"max_session_duration":3600,"name":"ConciergeAppDefaultTaskExecutionRole","path":"/","permissions_boundary":null,"tags":{"app_name":"concierge-app","cloud_provider":"AWS","environment":"dev","iac_tool":"Terraform","module_name":"aws_network_stack"},"tags_all":{"app_name":"concierge-app","cloud_provider":"AWS","environment":"dev","iac_tool":"Terraform","module_name":"aws_network_stack"}},"after_unknown":{"arn":true,"create_date":true,"id":true,"inline_policy":true,"managed_policy_arns":true,"name_prefix":true,"tags":{},"tags_all":{},"unique_id":true},"before_sensitive":false,"after_sensitive":{"inline_policy":[],"managed_policy_arns":[],"tags":{},"tags_all":{}}}},{"address":"module.aws_network_stack.aws_iam_role.task_role","module_address":"module.aws_network_stack","mode":"managed","type":"aws_iam_role","name":"task_role","provider_name":"registry.terraform.io/hashicorp/aws","change":{"actions":["create"],"before":null,"after":{"assume_role_policy":"{\"Statement\":[{\"Action\":\"sts:AssumeRole\",\"Effect\":\"Allow\",\"Principal\":{\"Service\":[\"ecs-tasks.amazonaws.com\"]}}],\"Version\":\"2012-10-17\"}","description":null,"force_detach_policies":false,"max_session_duration":3600,"name":"ConciergeAppDefaultTaskRole","path":"/","permissions_boundary":null,"tags":{"app_name":"concierge-app","cloud_provider":"AWS","environment":"dev","iac_tool":"Terraform","module_name":"aws_network_stack"},"tags_all":{"app_name":"concierge-app","cloud_provider":"AWS","environment":"dev","iac_tool":"Terraform","module_name":"aws_network_stack"}},"after_unknown":{"arn":true,"create_date":true,"id":true,"inline_policy":true,"managed_policy_arns":true,"name_prefix":true,"tags":{},"tags_all":{},"unique_id":true},"before_sensitive":false,"after_sensitive":{"inline_policy":[],"managed_policy_arns":[],"tags":{},"tags_all":{}}}},{"address":"module.aws_network_stack.aws_iam_role_policy_attachment.policies_for_task_execution_role_attach[\"AWSAppMeshEnvoyAccess\"]","module_address":"module.aws_network_stack","mode":"managed","type":"aws_iam_role_policy_attachment","name":"policies_for_task_execution_role_attach","index":"AWSAppMeshEnvoyAccess","provider_name":"registry.terraform.io/hashicorp/aws","change":{"actions":["create"],"before":null,"after":{"policy_arn":"arn:aws:iam::aws:policy/AWSAppMeshEnvoyAccess"},"after_unknown":{"id":true,"role":true},"before_sensitive":false,"after_sensitive":{}}},{"address":"module.aws_network_stack.aws_iam_role_policy_attachment.policies_for_task_execution_role_attach[\"AWSXRayDaemonWriteAccess\"]","module_address":"module.aws_network_stack","mode":"managed","type":"aws_iam_role_policy_attachment","name":"policies_for_task_execution_role_attach","index":"AWSXRayDaemonWriteAccess","provider_name":"registry.terraform.io/hashicorp/aws","change":{"actions":["create"],"before":null,"after":{"policy_arn":"arn:aws:iam::aws:policy/AWSXRayDaemonWriteAccess"},"after_unknown":{"id":true,"role":true},"before_sensitive":false,"after_sensitive":{}}},{"address":"module.aws_network_stack.aws_iam_role_policy_attachment.policies_for_task_execution_role_attach[\"AmazonECSTaskExecutionRolePolicy\"]","module_address":"module.aws_network_stack","mode":"managed","type":"aws_iam_role_policy_attachment","name":"policies_for_task_execution_role_attach","index":"AmazonECSTaskExecutionRolePolicy","provider_name":"registry.terraform.io/hashicorp/aws","change":{"actions":["create"],"before":null,"after":{"policy_arn":"arn:aws:iam::aws:policy/service-role/AmazonECSTaskExecutionRolePolicy"},"after_unknown":{"id":true,"role":true},"before_sensitive":false,"after_sensitive":{}}},{"address":"module.aws_network_stack.aws_iam_role_policy_attachment.policies_for_task_execution_role_attach[\"CloudWatchLogsFullAccess\"]","module_address":"module.aws_network_stack","mode":"managed","type":"aws_iam_role_policy_attachment","name":"policies_for_task_execution_role_attach","index":"CloudWatchLogsFullAccess","provider_name":"registry.terraform.io/hashicorp/aws","change":{"actions":["create"],"before":null,"after":{"policy_arn":"arn:aws:iam::aws:policy/CloudWatchLogsFullAccess"},"after_unknown":{"id":true,"role":true},"before_sensitive":false,"after_sensitive":{}}},{"address":"module.aws_network_stack.aws_iam_role_policy_attachment.s3_policy_to_task_role_attach","module_address":"module.aws_network_stack","mode":"managed","type":"aws_iam_role_policy_attachment","name":"s3_policy_to_task_role_attach","provider_name":"registry.terraform.io/hashicorp/aws","change":{"actions":["create"],"before":null,"after":{},"after_unknown":{"id":true,"policy_arn":true,"role":true},"before_sensitive":false,"after_sensitive":{}}},{"address":"module.aws_network_stack.aws_internet_gateway.internet_gateway","module_address":"module.aws_network_stack","mode":"managed","type":"aws_internet_gateway","name":"internet_gateway","provider_name":"registry.terraform.io/hashicorp/aws","change":{"actions":["create"],"before":null,"after":{"tags":{"Name":"concierge-app-internet-gw-dev","app_name":"concierge-app","cloud_provider":"AWS","environment":"dev","iac_tool":"Terraform","module_name":"aws_network_stack"},"tags_all":{"Name":"concierge-app-internet-gw-dev","app_name":"concierge-app","cloud_provider":"AWS","environment":"dev","iac_tool":"Terraform","module_name":"aws_network_stack"},"timeouts":null},"after_unknown":{"arn":true,"id":true,"owner_id":true,"tags":{},"tags_all":{},"vpc_id":true},"before_sensitive":false,"after_sensitive":{"tags":{},"tags_all":{}}}},{"address":"module.aws_network_stack.aws_internet_gateway_attachment.gateway_attachment","module_address":"module.aws_network_stack","mode":"managed","type":"aws_internet_gateway_attachment","name":"gateway_attachment","provider_name":"registry.terraform.io/hashicorp/aws","change":{"actions":["create"],"before":null,"after":{"timeouts":null},"after_unknown":{"id":true,"internet_gateway_id":true,"vpc_id":true},"before_sensitive":false,"after_sensitive":{}}},{"address":"module.aws_network_stack.aws_lb.public_load_balancer","module_address":"module.aws_network_stack","mode":"managed","type":"aws_lb","name":"public_load_balancer","provider_name":"registry.terraform.io/hashicorp/aws","change":{"actions":["create"],"before":null,"after":{"access_logs":[],"customer_owned_ipv4_pool":null,"desync_mitigation_mode":"defensive","drop_invalid_header_fields":false,"enable_cross_zone_load_balancing":null,"enable_deletion_protection":false,"enable_http2":true,"enable_tls_version_and_cipher_suite_headers":false,"enable_waf_fail_open":false,"enable_xff_client_port":false,"idle_timeout":60,"internal":false,"load_balancer_type":"application","name":"concierge-app-load-balancer-dev","name_prefix":null,"preserve_host_header":false,"tags":{"app_name":"concierge-app","cloud_provider":"AWS","environment":"dev","iac_tool":"Terraform","module_name":"aws_network_stack"},"tags_all":{"app_name":"concierge-app","cloud_provider":"AWS","environment":"dev","iac_tool":"Terraform","module_name":"aws_network_stack"},"timeouts":null,"xff_header_processing_mode":"append"},"after_unknown":{"access_logs":[],"arn":true,"arn_suffix":true,"dns_name":true,"id":true,"ip_address_type":true,"security_groups":true,"subnet_mapping":true,"subnets":true,"tags":{},"tags_all":{},"vpc_id":true,"zone_id":true},"before_sensitive":false,"after_sensitive":{"access_logs":[],"security_groups":[],"subnet_mapping":[],"subnets":[],"tags":{},"tags_all":{}}}},{"address":"module.aws_network_stack.aws_lb_listener.default_lb_listener","module_address":"module.aws_network_stack","mode":"managed","type":"aws_lb_listener","name":"default_lb_listener","provider_name":"registry.terraform.io/hashicorp/aws","change":{"actions":["create"],"before":null,"after":{"alpn_policy":null,"certificate_arn":null,"default_action":[{"authenticate_cognito":[],"authenticate_oidc":[],"fixed_response":[],"forward":[],"redirect":[],"type":"forward"}],"port":80,"protocol":"HTTP","tags":{"app_name":"concierge-app","cloud_provider":"AWS","environment":"dev","iac_tool":"Terraform","module_name":"aws_network_stack"},"tags_all":{"app_name":"concierge-app","cloud_provider":"AWS","environment":"dev","iac_tool":"Terraform","module_name":"aws_network_stack"},"timeouts":null},"after_unknown":{"arn":true,"default_action":[{"authenticate_cognito":[],"authenticate_oidc":[],"fixed_response":[],"forward":[],"order":true,"redirect":[],"target_group_arn":true}],"id":true,"load_balancer_arn":true,"ssl_policy":true,"tags":{},"tags_all":{}},"before_sensitive":false,"after_sensitive":{"default_action":[{"authenticate_cognito":[],"authenticate_oidc":[],"fixed_response":[],"forward":[],"redirect":[]}],"tags":{},"tags_all":{}}}},{"address":"module.aws_network_stack.aws_lb_target_group.default_target_group","module_address":"module.aws_network_stack","mode":"managed","type":"aws_lb_target_group","name":"default_target_group","provider_name":"registry.terraform.io/hashicorp/aws","change":{"actions":["create"],"before":null,"after":{"connection_termination":false,"deregistration_delay":"300","health_check":[{"enabled":true,"healthy_threshold":2,"interval":6,"path":"/","port":"traffic-port","protocol":"HTTP","timeout":5,"unhealthy_threshold":2}],"lambda_multi_value_headers_enabled":false,"name":"default-target-group-dev","name_prefix":null,"port":80,"protocol":"HTTP","proxy_protocol_v2":false,"slow_start":0,"tags":{"app_name":"concierge-app","cloud_provider":"AWS","environment":"dev","iac_tool":"Terraform","module_name":"aws_network_stack"},"tags_all":{"app_name":"concierge-app","cloud_provider":"AWS","environment":"dev","iac_tool":"Terraform","module_name":"aws_network_stack"},"target_type":"instance"},"after_unknown":{"arn":true,"arn_suffix":true,"health_check":[{"matcher":true}],"id":true,"ip_address_type":true,"load_balancing_algorithm_type":true,"load_balancing_cross_zone_enabled":true,"preserve_client_ip":true,"protocol_version":true,"stickiness":true,"tags":{},"tags_all":{},"target_failover":true,"vpc_id":true},"before_sensitive":false,"after_sensitive":{"health_check":[{}],"stickiness":[],"tags":{},"tags_all":{},"target_failover":[]}}},{"address":"module.aws_network_stack.aws_route.public_route","module_address":"module.aws_network_stack","mode":"managed","type":"aws_route","name":"public_route","provider_name":"registry.terraform.io/hashicorp/aws","change":{"actions":["create"],"before":null,"after":{"carrier_gateway_id":null,"core_network_arn":null,"destination_cidr_block":"0.0.0.0/0","destination_ipv6_cidr_block":null,"destination_prefix_list_id":null,"egress_only_gateway_id":null,"local_gateway_id":null,"nat_gateway_id":null,"timeouts":null,"transit_gateway_id":null,"vpc_endpoint_id":null,"vpc_peering_connection_id":null},"after_unknown":{"gateway_id":true,"id":true,"instance_id":true,"instance_owner_id":true,"network_interface_id":true,"origin":true,"route_table_id":true,"state":true},"before_sensitive":false,"after_sensitive":{}}},{"address":"module.aws_network_stack.aws_route53_record.default_dsn_alias_record","module_address":"module.aws_network_stack","mode":"managed","type":"aws_route53_record","name":"default_dsn_alias_record","provider_name":"registry.terraform.io/hashicorp/aws","change":{"actions":["create"],"before":null,"after":{"alias":[{"evaluate_target_health":true}],"cidr_routing_policy":[],"failover_routing_policy":[],"geolocation_routing_policy":[],"health_check_id":null,"latency_routing_policy":[],"multivalue_answer_routing_policy":null,"name":"concierge.starlingapps.com","records":null,"set_identifier":null,"ttl":null,"type":"A","weighted_routing_policy":[],"zone_id":"Z08904531GO4XL1ZZ97AO"},"after_unknown":{"alias":[{"name":true,"zone_id":true}],"allow_overwrite":true,"cidr_routing_policy":[],"failover_routing_policy":[],"fqdn":true,"geolocation_routing_policy":[],"id":true,"latency_routing_policy":[],"weighted_routing_policy":[]},"before_sensitive":false,"after_sensitive":{"alias":[{}],"cidr_routing_policy":[],"failover_routing_policy":[],"geolocation_routing_policy":[],"latency_routing_policy":[],"weighted_routing_policy":[]}}},{"address":"module.aws_network_stack.aws_route_table.public_route_table","module_address":"module.aws_network_stack","mode":"managed","type":"aws_route_table","name":"public_route_table","provider_name":"registry.terraform.io/hashicorp/aws","change":{"actions":["create"],"before":null,"after":{"tags":{"Name":"concierge-app-route-table-dev","app_name":"concierge-app","cloud_provider":"AWS","environment":"dev","iac_tool":"Terraform","module_name":"aws_network_stack"},"tags_all":{"Name":"concierge-app-route-table-dev","app_name":"concierge-app","cloud_provider":"AWS","environment":"dev","iac_tool":"Terraform","module_name":"aws_network_stack"},"timeouts":null},"after_unknown":{"arn":true,"id":true,"owner_id":true,"propagating_vgws":true,"route":true,"tags":{},"tags_all":{},"vpc_id":true},"before_sensitive":false,"after_sensitive":{"propagating_vgws":[],"route":[],"tags":{},"tags_all":{}}}},{"address":"module.aws_network_stack.aws_route_table_association.public_subnet_route_table_assoc[0]","module_address":"module.aws_network_stack","mode":"managed","type":"aws_route_table_association","name":"public_subnet_route_table_assoc","index":0,"provider_name":"registry.terraform.io/hashicorp/aws","change":{"actions":["create"],"before":null,"after":{"gateway_id":null,"timeouts":null},"after_unknown":{"id":true,"route_table_id":true,"subnet_id":true},"before_sensitive":false,"after_sensitive":{}}},{"address":"module.aws_network_stack.aws_route_table_association.public_subnet_route_table_assoc[1]","module_address":"module.aws_network_stack","mode":"managed","type":"aws_route_table_association","name":"public_subnet_route_table_assoc","index":1,"provider_name":"registry.terraform.io/hashicorp/aws","change":{"actions":["create"],"before":null,"after":{"gateway_id":null,"timeouts":null},"after_unknown":{"id":true,"route_table_id":true,"subnet_id":true},"before_sensitive":false,"after_sensitive":{}}},{"address":"module.aws_network_stack.aws_security_group.containers_sg","module_address":"module.aws_network_stack","mode":"managed","type":"aws_security_group","name":"containers_sg","provider_name":"registry.terraform.io/hashicorp/aws","change":{"actions":["create"],"before":null,"after":{"description":"Managed by Terraform","name":"concierge-app-container-sg-dev","revoke_rules_on_delete":false,"tags":{"Description":"Allow traffic from container to container inside ecs cluster","app_name":"concierge-app","cloud_provider":"AWS","environment":"dev","iac_tool":"Terraform","module_name":"aws_network_stack"},"tags_all":{"Description":"Allow traffic from container to container inside ecs cluster","app_name":"concierge-app","cloud_provider":"AWS","environment":"dev","iac_tool":"Terraform","module_name":"aws_network_stack"},"timeouts":null},"after_unknown":{"arn":true,"egress":true,"id":true,"ingress":true,"name_prefix":true,"owner_id":true,"tags":{},"tags_all":{},"vpc_id":true},"before_sensitive":false,"after_sensitive":{"egress":[],"ingress":[],"tags":{},"tags_all":{}}}},{"address":"module.aws_network_stack.aws_security_group.load_balancer_security_group","module_address":"module.aws_network_stack","mode":"managed","type":"aws_security_group","name":"load_balancer_security_group","provider_name":"registry.terraform.io/hashicorp/aws","change":{"actions":["create"],"before":null,"after":{"description":"Managed by Terraform","egress":[{"cidr_blocks":["0.0.0.0/0"],"description":"","from_port":0,"ipv6_cidr_blocks":[],"prefix_list_ids":[],"protocol":"-1","security_groups":[],"self":false,"to_port":0}],"ingress":[{"cidr_blocks":["0.0.0.0/0"],"description":"","from_port":0,"ipv6_cidr_blocks":[],"prefix_list_ids":[],"protocol":"-1","security_groups":[],"self":false,"to_port":0}],"name":"concierge-app-load-blancer-sg-dev","revoke_rules_on_delete":false,"tags":{"Description":"Allow traffic from load balancer to fargate containers","app_name":"concierge-app","cloud_provider":"AWS","environment":"dev","iac_tool":"Terraform","module_name":"aws_network_stack"},"tags_all":{"Description":"Allow traffic from load balancer to fargate containers","app_name":"concierge-app","cloud_provider":"AWS","environment":"dev","iac_tool":"Terraform","module_name":"aws_network_stack"},"timeouts":null},"after_unknown":{"arn":true,"egress":[{"cidr_blocks":[false],"ipv6_cidr_blocks":[],"prefix_list_ids":[],"security_groups":[]}],"id":true,"ingress":[{"cidr_blocks":[false],"ipv6_cidr_blocks":[],"prefix_list_ids":[],"security_groups":[]}],"name_prefix":true,"owner_id":true,"tags":{},"tags_all":{},"vpc_id":true},"before_sensitive":false,"after_sensitive":{"egress":[{"cidr_blocks":[false],"ipv6_cidr_blocks":[],"prefix_list_ids":[],"security_groups":[]}],"ingress":[{"cidr_blocks":[false],"ipv6_cidr_blocks":[],"prefix_list_ids":[],"security_groups":[]}],"tags":{},"tags_all":{}}}},{"address":"module.aws_network_stack.aws_subnet.private_subnets[0]","module_address":"module.aws_network_stack","mode":"managed","type":"aws_subnet","name":"private_subnets","index":0,"provider_name":"registry.terraform.io/hashicorp/aws","change":{"actions":["create"],"before":null,"after":{"assign_ipv6_address_on_creation":false,"availability_zone":"us-east-1a","cidr_block":"10.0.2.0/24","customer_owned_ipv4_pool":null,"enable_dns64":false,"enable_lni_at_device_index":null,"enable_resource_name_dns_a_record_on_launch":false,"enable_resource_name_dns_aaaa_record_on_launch":false,"ipv6_cidr_block":null,"ipv6_native":false,"map_customer_owned_ip_on_launch":null,"map_public_ip_on_launch":false,"outpost_arn":null,"tags":{"Name":"concierge-app-subnet-dev","app_name":"concierge-app","cloud_provider":"AWS","environment":"dev","iac_tool":"Terraform","module_name":"aws_network_stack"},"tags_all":{"Name":"concierge-app-subnet-dev","app_name":"concierge-app","cloud_provider":"AWS","environment":"dev","iac_tool":"Terraform","module_name":"aws_network_stack"},"timeouts":null},"after_unknown":{"arn":true,"availability_zone_id":true,"id":true,"ipv6_cidr_block_association_id":true,"owner_id":true,"private_dns_hostname_type_on_launch":true,"tags":{},"tags_all":{},"vpc_id":true},"before_sensitive":false,"after_sensitive":{"tags":{},"tags_all":{}}}},{"address":"module.aws_network_stack.aws_subnet.private_subnets[1]","module_address":"module.aws_network_stack","mode":"managed","type":"aws_subnet","name":"private_subnets","index":1,"provider_name":"registry.terraform.io/hashicorp/aws","change":{"actions":["create"],"before":null,"after":{"assign_ipv6_address_on_creation":false,"availability_zone":"us-east-1b","cidr_block":"10.0.3.0/24","customer_owned_ipv4_pool":null,"enable_dns64":false,"enable_lni_at_device_index":null,"enable_resource_name_dns_a_record_on_launch":false,"enable_resource_name_dns_aaaa_record_on_launch":false,"ipv6_cidr_block":null,"ipv6_native":false,"map_customer_owned_ip_on_launch":null,"map_public_ip_on_launch":false,"outpost_arn":null,"tags":{"Name":"concierge-app-subnet-dev","app_name":"concierge-app","cloud_provider":"AWS","environment":"dev","iac_tool":"Terraform","module_name":"aws_network_stack"},"tags_all":{"Name":"concierge-app-subnet-dev","app_name":"concierge-app","cloud_provider":"AWS","environment":"dev","iac_tool":"Terraform","module_name":"aws_network_stack"},"timeouts":null},"after_unknown":{"arn":true,"availability_zone_id":true,"id":true,"ipv6_cidr_block_association_id":true,"owner_id":true,"private_dns_hostname_type_on_launch":true,"tags":{},"tags_all":{},"vpc_id":true},"before_sensitive":false,"after_sensitive":{"tags":{},"tags_all":{}}}},{"address":"module.aws_network_stack.aws_subnet.public_subnets[0]","module_address":"module.aws_network_stack","mode":"managed","type":"aws_subnet","name":"public_subnets","index":0,"provider_name":"registry.terraform.io/hashicorp/aws","change":{"actions":["create"],"before":null,"after":{"assign_ipv6_address_on_creation":false,"availability_zone":"us-east-1a","cidr_block":"10.0.0.0/24","customer_owned_ipv4_pool":null,"enable_dns64":false,"enable_lni_at_device_index":null,"enable_resource_name_dns_a_record_on_launch":false,"enable_resource_name_dns_aaaa_record_on_launch":false,"ipv6_cidr_block":null,"ipv6_native":false,"map_customer_owned_ip_on_launch":null,"map_public_ip_on_launch":true,"outpost_arn":null,"tags":{"Name":"concierge-app-subnet-dev","app_name":"concierge-app","cloud_provider":"AWS","environment":"dev","iac_tool":"Terraform","module_name":"aws_network_stack"},"tags_all":{"Name":"concierge-app-subnet-dev","app_name":"concierge-app","cloud_provider":"AWS","environment":"dev","iac_tool":"Terraform","module_name":"aws_network_stack"},"timeouts":null},"after_unknown":{"arn":true,"availability_zone_id":true,"id":true,"ipv6_cidr_block_association_id":true,"owner_id":true,"private_dns_hostname_type_on_launch":true,"tags":{},"tags_all":{},"vpc_id":true},"before_sensitive":false,"after_sensitive":{"tags":{},"tags_all":{}}}},{"address":"module.aws_network_stack.aws_subnet.public_subnets[1]","module_address":"module.aws_network_stack","mode":"managed","type":"aws_subnet","name":"public_subnets","index":1,"provider_name":"registry.terraform.io/hashicorp/aws","change":{"actions":["create"],"before":null,"after":{"assign_ipv6_address_on_creation":false,"availability_zone":"us-east-1b","cidr_block":"10.0.1.0/24","customer_owned_ipv4_pool":null,"enable_dns64":false,"enable_lni_at_device_index":null,"enable_resource_name_dns_a_record_on_launch":false,"enable_resource_name_dns_aaaa_record_on_launch":false,"ipv6_cidr_block":null,"ipv6_native":false,"map_customer_owned_ip_on_launch":null,"map_public_ip_on_launch":true,"outpost_arn":null,"tags":{"Name":"concierge-app-subnet-dev","app_name":"concierge-app","cloud_provider":"AWS","environment":"dev","iac_tool":"Terraform","module_name":"aws_network_stack"},"tags_all":{"Name":"concierge-app-subnet-dev","app_name":"concierge-app","cloud_provider":"AWS","environment":"dev","iac_tool":"Terraform","module_name":"aws_network_stack"},"timeouts":null},"after_unknown":{"arn":true,"availability_zone_id":true,"id":true,"ipv6_cidr_block_association_id":true,"owner_id":true,"private_dns_hostname_type_on_launch":true,"tags":{},"tags_all":{},"vpc_id":true},"before_sensitive":false,"after_sensitive":{"tags":{},"tags_all":{}}}},{"address":"module.aws_network_stack.aws_vpc.vpc","module_address":"module.aws_network_stack","mode":"managed","type":"aws_vpc","name":"vpc","provider_name":"registry.terraform.io/hashicorp/aws","change":{"actions":["create"],"before":null,"after":{"assign_generated_ipv6_cidr_block":null,"cidr_block":"10.0.0.0/16","enable_dns_hostnames":true,"enable_dns_support":true,"instance_tenancy":"default","ipv4_ipam_pool_id":null,"ipv4_netmask_length":null,"ipv6_ipam_pool_id":null,"ipv6_netmask_length":null,"tags":{"Name":"concierge-app-vpc-dev","app_name":"concierge-app","cloud_provider":"AWS","environment":"dev","iac_tool":"Terraform","module_name":"aws_network_stack"},"tags_all":{"Name":"concierge-app-vpc-dev","app_name":"concierge-app","cloud_provider":"AWS","environment":"dev","iac_tool":"Terraform","module_name":"aws_network_stack"}},"after_unknown":{"arn":true,"default_network_acl_id":true,"default_route_table_id":true,"default_security_group_id":true,"dhcp_options_id":true,"enable_network_address_usage_metrics":true,"id":true,"ipv6_association_id":true,"ipv6_cidr_block":true,"ipv6_cidr_block_network_border_group":true,"main_route_table_id":true,"owner_id":true,"tags":{},"tags_all":{}},"before_sensitive":false,"after_sensitive":{"tags":{},"tags_all":{}}}},{"address":"module.aws_network_stack.aws_vpc_security_group_egress_rule.public_traffic_egress_rule","module_address":"module.aws_network_stack","mode":"managed","type":"aws_vpc_security_group_egress_rule","name":"public_traffic_egress_rule","provider_name":"registry.terraform.io/hashicorp/aws","change":{"actions":["create"],"before":null,"after":{"cidr_ipv4":"0.0.0.0/0","cidr_ipv6":null,"description":null,"from_port":-1,"ip_protocol":"-1","prefix_list_id":null,"referenced_security_group_id":null,"tags":null,"tags_all":{},"to_port":-1},"after_unknown":{"arn":true,"id":true,"security_group_id":true,"security_group_rule_id":true,"tags_all":{}},"before_sensitive":false,"after_sensitive":{"tags_all":{}}}},{"address":"module.aws_network_stack.aws_vpc_security_group_ingress_rule.traffic_for_8080_port_ingress_rule","module_address":"module.aws_network_stack","mode":"managed","type":"aws_vpc_security_group_ingress_rule","name":"traffic_for_8080_port_ingress_rule","provider_name":"registry.terraform.io/hashicorp/aws","change":{"actions":["create"],"before":null,"after":{"cidr_ipv4":"0.0.0.0/0","cidr_ipv6":null,"description":null,"from_port":8080,"ip_protocol":"tcp","prefix_list_id":null,"referenced_security_group_id":null,"tags":{"app_name":"concierge-app","cloud_provider":"AWS","environment":"dev","iac_tool":"Terraform","module_name":"aws_network_stack"},"tags_all":{"app_name":"concierge-app","cloud_provider":"AWS","environment":"dev","iac_tool":"Terraform","module_name":"aws_network_stack"},"to_port":8080},"after_unknown":{"arn":true,"id":true,"security_group_id":true,"security_group_rule_id":true,"tags":{},"tags_all":{}},"before_sensitive":false,"after_sensitive":{"tags":{},"tags_all":{}}}},{"address":"module.aws_network_stack.aws_vpc_security_group_ingress_rule.traffic_from_lb_sg_ingress_rule","module_address":"module.aws_network_stack","mode":"managed","type":"aws_vpc_security_group_ingress_rule","name":"traffic_from_lb_sg_ingress_rule","provider_name":"registry.terraform.io/hashicorp/aws","change":{"actions":["create"],"before":null,"after":{"cidr_ipv4":null,"cidr_ipv6":null,"description":null,"from_port":-1,"ip_protocol":"-1","prefix_list_id":null,"tags":{"app_name":"concierge-app","cloud_provider":"AWS","environment":"dev","iac_tool":"Terraform","module_name":"aws_network_stack"},"tags_all":{"app_name":"concierge-app","cloud_provider":"AWS","environment":"dev","iac_tool":"Terraform","module_name":"aws_network_stack"},"to_port":-1},"after_unknown":{"arn":true,"id":true,"referenced_security_group_id":true,"security_group_id":true,"security_group_rule_id":true,"tags":{},"tags_all":{}},"before_sensitive":false,"after_sensitive":{"tags":{},"tags_all":{}}}},{"address":"module.aws_network_stack.aws_vpc_security_group_ingress_rule.traffic_from_sg_self_ingress_rule","module_address":"module.aws_network_stack","mode":"managed","type":"aws_vpc_security_group_ingress_rule","name":"traffic_from_sg_self_ingress_rule","provider_name":"registry.terraform.io/hashicorp/aws","change":{"actions":["create"],"before":null,"after":{"cidr_ipv4":null,"cidr_ipv6":null,"description":null,"from_port":-1,"ip_protocol":"-1","prefix_list_id":null,"tags":{"app_name":"concierge-app","cloud_provider":"AWS","environment":"dev","iac_tool":"Terraform","module_name":"aws_network_stack"},"tags_all":{"app_name":"concierge-app","cloud_provider":"AWS","environment":"dev","iac_tool":"Terraform","module_name":"aws_network_stack"},"to_port":-1},"after_unknown":{"arn":true,"id":true,"referenced_security_group_id":true,"security_group_id":true,"security_group_rule_id":true,"tags":{},"tags_all":{}},"before_sensitive":false,"after_sensitive":{"tags":{},"tags_all":{}}}}],"output_changes":{"aws_network_stack_output":{"actions":["create"],"before":null,"after":{"cluster_name":"concierge-app-ecs-cluster-dev","domain_dns_url":"http://concierge.starlingapps.com","region_name":"us-east-1","subnet_ids":[null,null]},"after_unknown":{"balancer_dns_url":true,"containers_security_group_id":true,"default_lb_listener_arn":true,"subnet_ids":[true,true],"task_execution_role_arn":true,"task_role_arn":true,"vpc_id":true},"before_sensitive":false,"after_sensitive":false},"balancer_dns_url":{"actions":["create"],"before":null,"after_unknown":true,"before_sensitive":false,"after_sensitive":false},"domain_dns_url":{"actions":["create"],"before":null,"after":"http://concierge.starlingapps.com","after_unknown":false,"before_sensitive":false,"after_sensitive":false}},"prior_state":{"format_version":"1.0","terraform_version":"1.5.7","values":{"outputs":{"domain_dns_url":{"sensitive":false,"value":"http://concierge.starlingapps.com","type":"string"}},"root_module":{"child_modules":[{"resources":[{"address":"module.aws_network_stack.data.aws_availability_zones.availability_zones","mode":"data","type":"aws_availability_zones","name":"availability_zones","provider_name":"registry.terraform.io/hashicorp/aws","schema_version":0,"values":{"all_availability_zones":null,"exclude_names":null,"exclude_zone_ids":null,"filter":null,"group_names":["us-east-1"],"id":"us-east-1","names":["us-east-1a","us-east-1b","us-east-1c","us-east-1d","us-east-1e","us-east-1f"],"state":"available","timeouts":null,"zone_ids":["use1-az4","use1-az6","use1-az1","use1-az2","use1-az3","use1-az5"]},"sensitive_values":{"group_names":[false],"names":[false,false,false,false,false,false],"zone_ids":[false,false,false,false,false,false]}},{"address":"module.aws_network_stack.data.aws_iam_policy.task_execution_role_policies[\"AWSAppMeshEnvoyAccess\"]","mode":"data","type":"aws_iam_policy","name":"task_execution_role_policies","index":"AWSAppMeshEnvoyAccess","provider_name":"registry.terraform.io/hashicorp/aws","schema_version":0,"values":{"arn":"arn:aws:iam::aws:policy/AWSAppMeshEnvoyAccess","description":"App Mesh Envoy policy for accessing Virtual Node configuration.","id":"arn:aws:iam::aws:policy/AWSAppMeshEnvoyAccess","name":"AWSAppMeshEnvoyAccess","path":"/","path_prefix":null,"policy":"{\n    \"Version\": \"2012-10-17\",\n    \"Statement\": [\n        {\n            \"Effect\": \"Allow\",\n            \"Action\": [\n                \"appmesh:StreamAggregatedResources\"\n            ],\n            \"Resource\": \"*\"\n        }\n    ]\n}","policy_id":"ANPAZKAPJZG4PMG6ZGSZZ","tags":{}},"sensitive_values":{"tags":{}}},{"address":"module.aws_network_stack.data.aws_iam_policy.task_execution_role_policies[\"AWSXRayDaemonWriteAccess\"]","mode":"data","type":"aws_iam_policy","name":"task_execution_role_policies","index":"AWSXRayDaemonWriteAccess","provider_name":"registry.terraform.io/hashicorp/aws","schema_version":0,"values":{"arn":"arn:aws:iam::aws:policy/AWSXRayDaemonWriteAccess","description":"Allow the AWS X-Ray Daemon to relay raw trace segments data to the service's API and retrieve sampling data (rules, targets, etc.) to be used by the X-Ray SDK.","id":"arn:aws:iam::aws:policy/AWSXRayDaemonWriteAccess","name":"AWSXRayDaemonWriteAccess","path":"/","path_prefix":null,"policy":"{\n    \"Version\": \"2012-10-17\",\n    \"Statement\": [\n        {\n            \"Effect\": \"Allow\",\n            \"Action\": [\n                \"xray:PutTraceSegments\",\n                \"xray:PutTelemetryRecords\",\n                \"xray:GetSamplingRules\",\n                \"xray:GetSamplingTargets\",\n                \"xray:GetSamplingStatisticSummaries\"\n            ],\n            \"Resource\": [\n                \"*\"\n            ]\n        }\n    ]\n}","policy_id":"ANPAIOE47HSUE5AVBNEDM","tags":{}},"sensitive_values":{"tags":{}}},{"address":"module.aws_network_stack.data.aws_iam_policy.task_execution_role_policies[\"AmazonECSTaskExecutionRolePolicy\"]","mode":"data","type":"aws_iam_policy","name":"task_execution_role_policies","index":"AmazonECSTaskExecutionRolePolicy","provider_name":"registry.terraform.io/hashicorp/aws","schema_version":0,"values":{"arn":"arn:aws:iam::aws:policy/service-role/AmazonECSTaskExecutionRolePolicy","description":"Provides access to other AWS service resources that are required to run Amazon ECS tasks","id":"arn:aws:iam::aws:policy/service-role/AmazonECSTaskExecutionRolePolicy","name":"AmazonECSTaskExecutionRolePolicy","path":"/service-role/","path_prefix":null,"policy":"{\n  \"Version\": \"2012-10-17\",\n  \"Statement\": [\n    {\n      \"Effect\": \"Allow\",\n      \"Action\": [\n        \"ecr:GetAuthorizationToken\",\n        \"ecr:BatchCheckLayerAvailability\",\n        \"ecr:GetDownloadUrlForLayer\",\n        \"ecr:BatchGetImage\",\n        \"logs:CreateLogStream\",\n        \"logs:PutLogEvents\"\n      ],\n      \"Resource\": \"*\"\n    }\n  ]\n}","policy_id":"ANPAJG4T4G4PV56DE72PY","tags":{}},"sensitive_values":{"tags":{}}},{"address":"module.aws_network_stack.data.aws_iam_policy.task_execution_role_policies[\"CloudWatchLogsFullAccess\"]","mode":"data","type":"aws_iam_policy","name":"task_execution_role_policies","index":"CloudWatchLogsFullAccess","provider_name":"registry.terraform.io/hashicorp/aws","schema_version":0,"values":{"arn":"arn:aws:iam::aws:policy/CloudWatchLogsFullAccess","description":"Provides full access to CloudWatch Logs","id":"arn:aws:iam::aws:policy/CloudWatchLogsFullAccess","name":"CloudWatchLogsFullAccess","path":"/","path_prefix":null,"policy":"{\n  \"Version\": \"2012-10-17\",\n  \"Statement\": [\n    {\n      \"Action\": [\n        \"logs:*\"\n      ],\n      \"Effect\": \"Allow\",\n      \"Resource\": \"*\"\n    }\n  ]\n}","policy_id":"ANPAJ3ZGNWK2R5HW5BQFO","tags":{}},"sensitive_values":{"tags":{}}},{"address":"module.aws_network_stack.data.aws_region.current_region","mode":"data","type":"aws_region","name":"current_region","provider_name":"registry.terraform.io/hashicorp/aws","schema_version":0,"values":{"description":"US East (N. Virginia)","endpoint":"ec2.us-east-1.amazonaws.com","id":"us-east-1","name":"us-east-1"},"sensitive_values":{}},{"address":"module.aws_network_stack.data.aws_route53_zone.hosted_zone","mode":"data","type":"aws_route53_zone","name":"hosted_zone","provider_name":"registry.terraform.io/hashicorp/aws","schema_version":0,"values":{"arn":"arn:aws:route53:::hostedzone/Z08904531GO4XL1ZZ97AO","caller_reference":"482b2c80-c803-4cca-b022-9d55384f77d3","comment":"","id":"Z08904531GO4XL1ZZ97AO","linked_service_description":null,"linked_service_principal":null,"name":"starlingapps.com","name_servers":["ns-2042.awsdns-63.co.uk","ns-780.awsdns-33.net","ns-1361.awsdns-42.org","ns-454.awsdns-56.com"],"primary_name_server":"ns-2042.awsdns-63.co.uk","private_zone":false,"resource_record_set_count":2,"tags":{},"vpc_id":null,"zone_id":"Z08904531GO4XL1ZZ97AO"},"sensitive_values":{"name_servers":[false,false,false,false],"tags":{}}}],"address":"module.aws_network_stack"}]}}},"configuration":{"provider_config":{"aws":{"name":"aws","full_name":"registry.terraform.io/hashicorp/aws","version_constraint":"~\u003e 5.18.1","expressions":{"profile":{"constant_value":"default"},"region":{"constant_value":"us-east-1"}}}},"root_module":{"outputs":{"aws_network_stack_output":{"expression":{"references":["module.aws_network_stack"]}},"balancer_dns_url":{"expression":{"references":["module.aws_network_stack.balancer_dns_url","module.aws_network_stack"]},"description":"The URL of the external load balancer"},"domain_dns_url":{"expression":{"references":["module.aws_network_stack.domain_dns_url","module.aws_network_stack"]},"description":"The URL of the domain"}},"module_calls":{"aws_conciergeapp_stack":{"source":"./modules/aws_conciergeapp_stack","expressions":{"app_name":{"constant_value":"concierge-app"},"app_server_image_url":{"constant_value":"391361142564.dkr.ecr.us-east-1.amazonaws.com/concierge-aws-test:latest"},"app_server_name":{"constant_value":"app-server"},"app_server_rule_priority":{"constant_value":2},"auth_server_image_url":{"constant_value":"391361142564.dkr.ecr.us-east-1.amazonaws.com/concierge-auth-server:latest"},"auth_server_name":{"constant_value":"auth-server"},"auth_server_rule_priority":{"constant_value":1},"cluster_name":{"references":["module.aws_network_stack.cluster_name","module.aws_network_stack"]},"containers_security_group_id":{"references":["module.aws_network_stack.containers_security_group_id","module.aws_network_stack"]},"default_lb_listener_arn":{"references":["module.aws_network_stack.default_lb_listener_arn","module.aws_network_stack"]},"dns_name":{"constant_value":"concierge"},"domain_dns_url":{"references":["module.aws_network_stack.domain_dns_url","module.aws_network_stack"]},"region_name":{"references":["module.aws_network_stack.region_name","module.aws_network_stack"]},"subnet_ids":{"references":["module.aws_network_stack.subnet_ids","module.aws_network_stack"]},"task_execution_role_arn":{"references":["module.aws_network_stack.task_execution_role_arn","module.aws_network_stack"]},"task_role_arn":{"references":["module.aws_network_stack.task_role_arn","module.aws_network_stack"]},"vpc_id":{"references":["module.aws_network_stack.vpc_id","module.aws_network_stack"]}},"module":{"resources":[{"address":"aws_appautoscaling_policy.autoscaling_cpu_policy","mode":"managed","type":"aws_appautoscaling_policy","name":"autoscaling_cpu_policy","provider_config_key":"aws","expressions":{"name":{"constant_value":"AutoScalingCPUPolicy"},"policy_type":{"constant_value":"TargetTrackingScaling"},"resource_id":{"references":["aws_appautoscaling_target.autoscaling_target","each.key"]},"scalable_dimension":{"references":["aws_appautoscaling_target.autoscaling_target","each.key"]},"service_namespace":{"references":["aws_appautoscaling_target.autoscaling_target","each.key"]},"target_tracking_scaling_policy_configuration":[{"predefined_metric_specification":[{"predefined_metric_type":{"constant_value":"ECSServiceAverageCPUUtilization"}}],"scale_in_cooldown":{"constant_value":10},"scale_out_cooldown":{"constant_value":10},"target_value":{"constant_value":80}}]},"schema_version":0,"for_each_expression":{"references":["local.services"]}},{"address":"aws_appautoscaling_policy.autoscaling_memory_policy","mode":"managed","type":"aws_appautoscaling_policy","name":"autoscaling_memory_policy","provider_config_key":"aws","expressions":{"name":{"constant_value":"AutoScalingMemoryPolicy"},"policy_type":{"constant_value":"TargetTrackingScaling"},"resource_id":{"references":["aws_appautoscaling_target.autoscaling_target","each.key"]},"scalable_dimension":{"references":["aws_appautoscaling_target.autoscaling_target","each.key"]},"service_namespace":{"references":["aws_appautoscaling_target.autoscaling_target","each.key"]},"target_tracking_scaling_policy_configuration":[{"predefined_metric_specification":[{"predefined_metric_type":{"constant_value":"ECSServiceAverageMemoryUtilization"}}],"scale_in_cooldown":{"constant_value":10},"scale_out_cooldown":{"constant_value":10},"target_value":{"constant_value":80}}]},"schema_version":0,"for_each_expression":{"references":["local.services"]}},{"address":"aws_appautoscaling_target.autoscaling_target","mode":"managed","type":"aws_appautoscaling_target","name":"autoscaling_target","provider_config_key":"aws","expressions":{"max_capacity":{"references":["local.services","each.key"]},"min_capacity":{"references":["local.services","each.key"]},"resource_id":{"references":["var.cluster_name","aws_ecs_service.ecs_service","each.key"]},"scalable_dimension":{"constant_value":"ecs:service:DesiredCount"},"service_namespace":{"constant_value":"ecs"}},"schema_version":0,"for_each_expression":{"references":["local.services"]}},{"address":"aws_cloudwatch_log_group.app_log_group","mode":"managed","type":"aws_cloudwatch_log_group","name":"app_log_group","provider_config_key":"aws","expressions":{"name":{"references":["var.app_name"]},"tags":{"references":["var.environment","var.app_name","var.default_tags"]}},"schema_version":0},{"address":"aws_db_subnet_group.db_subnet_group_name","mode":"managed","type":"aws_db_subnet_group","name":"db_subnet_group_name","provider_config_key":"aws","expressions":{"name":{"constant_value":"main"},"subnet_ids":{"references":["var.subnet_ids"]},"tags":{"references":["var.environment","var.app_name","var.default_tags"]}},"schema_version":0},{"address":"aws_ecs_service.ecs_service","mode":"managed","type":"aws_ecs_service","name":"ecs_service","provider_config_key":"aws","expressions":{"cluster":{"references":["var.cluster_name"]},"deployment_maximum_percent":{"constant_value":200},"deployment_minimum_healthy_percent":{"constant_value":50},"desired_count":{"references":["local.services","each.key"]},"enable_ecs_managed_tags":{"constant_value":true},"force_new_deployment":{"constant_value":true},"health_check_grace_period_seconds":{"constant_value":60},"launch_type":{"constant_value":"FARGATE"},"load_balancer":[{"container_name":{"references":["local.services","each.key"]},"container_port":{"references":["local.services","each.key"]},"target_group_arn":{"references":["aws_lb_target_group.target_group","each.key"]}}],"name":{"references":["local.services","each.key"]},"network_configuration":[{"assign_public_ip":{"constant_value":true},"security_groups":{"references":["var.containers_security_group_id"]},"subnets":{"references":["var.subnet_ids"]}}],"scheduling_strategy":{"constant_value":"REPLICA"},"service_registries":[{"container_name":{"references":["local.services","each.key"]},"registry_arn":{"references":["aws_service_discovery_service.discovery_service_instance","each.key"]}}],"tags":{"references":["var.environment","var.app_name","var.default_tags"]},"task_definition":{"references":["aws_ecs_task_definition.task_definition","each.key"]}},"schema_version":0,"for_each_expression":{"references":["local.services"]},"depends_on":["aws_lb_listener_rule.listener_rule"]},{"address":"aws_ecs_task_definition.task_definition","mode":"managed","type":"aws_ecs_task_definition","name":"task_definition","provider_config_key":"aws","expressions":{"container_definitions":{"references":["local.services","each.key","local.services","each.key","local.services","each.key","local.services","each.key","local.services","each.key","local.services","each.key","aws_cloudwatch_log_group.app_log_group.name","aws_cloudwatch_log_group.app_log_group","var.region_name","local.services","each.key"]},"cpu":{"references":["local.services","each.key"]},"execution_role_arn":{"references":["var.task_execution_role_arn"]},"family":{"references":["local.services","each.key"]},"memory":{"references":["local.services","each.key"]},"network_mode":{"constant_value":"awsvpc"},"requires_compatibilities":{"constant_value":["FARGATE"]},"tags":{"references":["var.environment","var.app_name","var.default_tags"]},"task_role_arn":{"references":["var.task_role_arn","var.task_role_arn"]}},"schema_version":1,"for_each_expression":{"references":["local.services"]}},{"address":"aws_lb_listener_rule.listener_rule","mode":"managed","type":"aws_lb_listener_rule","name":"listener_rule","provider_config_key":"aws","expressions":{"action":[{"target_group_arn":{"references":["aws_lb_target_group.target_group","each.key"]},"type":{"constant_value":"forward"}}],"condition":[{"path_pattern":[{"values":{"references":["local.services","each.key"]}}]}],"listener_arn":{"references":["var.default_lb_listener_arn"]},"priority":{"references":["local.services","each.key"]},"tags":{"references":["var.environment","var.app_name","var.default_tags"]}},"schema_version":0,"for_each_expression":{"references":["local.services"]}},{"address":"aws_lb_target_group.target_group","mode":"managed","type":"aws_lb_target_group","name":"target_group","provider_config_key":"aws","expressions":{"health_check":[{"healthy_threshold":{"constant_value":2},"interval":{"references":["local.services","each.key"]},"path":{"references":["local.services","each.key"]},"protocol":{"references":["local.services","each.key"]},"timeout":{"constant_value":5},"unhealthy_threshold":{"constant_value":2}}],"name":{"references":["local.services","each.key"]},"port":{"references":["local.services","each.key"]},"protocol":{"references":["local.services","each.key"]},"tags":{"references":["var.environment","var.app_name","var.default_tags"]},"target_type":{"constant_value":"ip"},"vpc_id":{"references":["var.vpc_id"]}},"schema_version":0,"for_each_expression":{"references":["local.services"]}},{"address":"aws_security_group.database_sg","mode":"managed","type":"aws_security_group","name":"database_sg","provider_config_key":"aws","expressions":{"name":{"references":["local.database_sg_full_name"]},"tags":{"references":["var.environment","var.app_name","var.default_tags"]},"vpc_id":{"references":["var.vpc_id"]}},"schema_version":1},{"address":"aws_service_discovery_private_dns_namespace.private_namespace","mode":"managed","type":"aws_service_discovery_private_dns_namespace","name":"private_namespace","provider_config_key":"aws","expressions":{"name":{"references":["local.namespace_name"]},"tags":{"references":["var.environment","var.app_name","var.default_tags"]},"vpc":{"references":["var.vpc_id"]}},"schema_version":0},{"address":"aws_service_discovery_service.discovery_service_instance","mode":"managed","type":"aws_service_discovery_service","name":"discovery_service_instance","provider_config_key":"aws","expressions":{"dns_config":[{"dns_records":[{"ttl":{"constant_value":60},"type":{"constant_value":"A"}}],"namespace_id":{"references":["aws_service_discovery_private_dns_namespace.private_namespace.id","aws_service_discovery_private_dns_namespace.private_namespace"]}}],"health_check_custom_config":[{"failure_threshold":{"constant_value":10}}],"name":{"references":["local.services","each.key"]},"tags":{"references":["var.environment","var.app_name","var.default_tags"]}},"schema_version":0,"for_each_expression":{"references":["local.services"]}},{"address":"aws_vpc_security_group_egress_rule.db_egress_rule","mode":"managed","type":"aws_vpc_security_group_egress_rule","name":"db_egress_rule","provider_config_key":"aws","expressions":{"cidr_ipv4":{"constant_value":"0.0.0.0/0"},"from_port":{"constant_value":-1},"ip_protocol":{"constant_value":"-1"},"security_group_id":{"references":["aws_security_group.database_sg.id","aws_security_group.database_sg"]},"to_port":{"constant_value":-1}},"schema_version":0},{"address":"aws_vpc_security_group_ingress_rule.db_ingress_rule","mode":"managed","type":"aws_vpc_security_group_ingress_rule","name":"db_ingress_rule","provider_config_key":"aws","expressions":{"cidr_ipv4":{"constant_value":"0.0.0.0/0"},"from_port":{"constant_value":5432},"ip_protocol":{"constant_value":"tcp"},"security_group_id":{"references":["aws_security_group.database_sg.id","aws_security_group.database_sg"]},"tags":{"references":["var.environment","var.app_name","var.default_tags"]},"to_port":{"constant_value":5432}},"schema_version":0}],"variables":{"app_name":{"default":"aws-conciergeapp-stack","description":"Target application name, the default value is 'aws-conciergeapp-stack'"},"app_server_cpu":{"default":1024,"description":"CPU required for the authorization server/service container, 1024 is used as default"},"app_server_desired_count":{"default":2,"description":"How many copies of the service task to run, 1' is used as default"},"app_server_health_interval":{"default":60,"description":"Interval in seconds to check health path for the authorization server/service, 60 is used as default"},"app_server_health_path":{"default":"/app/health","description":"\"Health path for the authorization server/service, '/app/health' is used as default.\n Use a different base path for different microservices, those paths are used to route the traffic\n if the microservices are behind of a load balancer with different target groups.\"\n"},"app_server_health_protocol":{"default":"HTTP","description":"Protocol health check for the authorization server/service, 'HTTP' is used as default"},"app_server_image_url":{"description":"URL to use to pull image for the authorization server/service"},"app_server_max_capacity":{"default":5,"description":"Maximum number of copies of the service task to run, 5' is used as default"},"app_server_memory":{"default":2048,"description":"Memory required for the authorization server/service container, 2048 is used as default"},"app_server_name":{"default":"app-server","description":"The name for the authorization server/service, 'app-server' is used as default"},"app_server_path_pattern":{"default":"/app/*","description":"\"Path pattern to forward traffic from load balancer to authorization server/service target group,\n'/app/*' is used as default value\"\n"},"app_server_port":{"default":8090,"description":"Default port for the authorization server/service, 8080 is used as default"},"app_server_protocol":{"default":"HTTP","description":"Protocol for the authorization server/service, 'HTTP' is used as default"},"app_server_rule_priority":{"default":2,"description":"\"The priority for the routing rule added to the load balancer.\nThis only applies if your have multiple services which have been assigned to different paths on the load balancer\"\n"},"auth_server_cpu":{"default":1024,"description":"CPU required for the authorization server/service container, 1024 is used as default"},"auth_server_desired_count":{"default":1,"description":"How many copies of the service task to run, 1' is used as default"},"auth_server_health_interval":{"default":60,"description":"Interval in seconds to check health path for the authorization server/service, 60 is used as default"},"auth_server_health_path":{"default":"/auth/realms/concierge/","description":"Health path for the authorization server/service, '/auth/realms/concierge/' is used as default"},"auth_server_health_protocol":{"default":"HTTP","description":"Protocol health check for the authorization server/service, 'HTTP' is used as default"},"auth_server_image_url":{"description":"URL to use to pull image for the authorization server/service"},"auth_server_max_capacity":{"default":1,"description":"Maximum number of copies of the service task to run, 1' is used as default"},"auth_server_memory":{"default":2048,"description":"Memory required for the authorization server/service container, 2048 is used as default"},"auth_server_name":{"default":"auth-server","description":"The name for the authorization server/service, 'auth-server' is used as default"},"auth_server_path_pattern":{"default":"/auth/*","description":"\"Path pattern to forward traffic from load balancer to authorization server/service target group,\n'/auth/*' is used as default value\"\n"},"auth_server_port":{"default":8080,"description":"Default port for the authorization server/service, 8080 is used as default"},"auth_server_protocol":{"default":"HTTP","description":"Protocol for the authorization server/service, 'HTTP' is used as default"},"auth_server_rule_priority":{"default":1,"description":"\"The priority for the routing rule added to the load balancer.\nThis only applies if your have multiple services which have been assigned to different paths on the load balancer\"\n"},"cluster_name":{"description":"The name of the ECS cluster"},"containers_security_group_id":{"description":"A security group used to allow Fargate containers to receive traffic"},"default_lb_listener_arn":{"description":"The ARN of the default lister of load balancer"},"default_tags":{"default":{"cloud_provider":"AWS","iac_tool":"Terraform","module_name":"aws_network_stack"},"description":"Default tags to add to all resources created inside of this module"},"dns_name":{},"domain_dns_url":{"description":"Domain URL created by network stack"},"environment":{"default":"dev","description":"Environment name to use the resources"},"region_name":{"description":"Region name where where deploy network resources"},"subnet_ids":{"description":"Ids for all subnets created/used by network stack"},"task_execution_role_arn":{"description":"The ARN of the ECS task execution role"},"task_role_arn":{"default":"","description":"The ARN of the ECS role, default to an empty string"},"vpc_id":{"description":"The ID of the vpc that this stack is deployed on"}}},"depends_on":["module.aws_network_stack"]},"aws_network_stack":{"source":"./modules/aws_network_stack","expressions":{"app_name":{"constant_value":"concierge-app"},"dns_name":{"constant_value":"concierge"},"hosted_zone":{"constant_value":"starlingapps.com"}},"module":{"outputs":{"balancer_dns_url":{"expression":{"references":["aws_lb.public_load_balancer.dns_name","aws_lb.public_load_balancer"]},"description":"The URL of the external load balancer"},"cluster_name":{"expression":{"references":["aws_ecs_cluster.ecs_cluster.name","aws_ecs_cluster.ecs_cluster"]},"description":"The name of the ECS cluster"},"containers_security_group_id":{"expression":{"references":["aws_security_group.containers_sg.id","aws_security_group.containers_sg"]},"description":"A security group used to allow Fargate containers to receive traffic"},"default_lb_listener_arn":{"expression":{"references":["aws_lb_listener.default_lb_listener.arn","aws_lb_listener.default_lb_listener"]},"description":"The ARN of the public load balancer's listener"},"domain_dns_url":{"expression":{"references":["aws_route53_record.default_dsn_alias_record.name","aws_route53_record.default_dsn_alias_record"]},"description":"The URL of the domain"},"region_name":{"expression":{"references":["data.aws_region.current_region.name","data.aws_region.current_region"]},"description":"Current region name to deploy network stack"},"subnet_ids":{"expression":{"references":["aws_subnet.public_subnets"]},"description":"Ids for all subnets used for the network stack"},"task_execution_role_arn":{"expression":{"references":["aws_iam_role.task_execution_role.arn","aws_iam_role.task_execution_role"]},"description":"The ARN of the ECS task execution role"},"task_role_arn":{"expression":{"references":["aws_iam_role.task_role.arn","aws_iam_role.task_role"]},"description":"The ARN of the IAM role"},"vpc_id":{"expression":{"references":["aws_vpc.vpc.id","aws_vpc.vpc"]},"description":"The ID of the vpc that this stack is deployed on"}},"resources":[{"address":"aws_ecs_cluster.ecs_cluster","mode":"managed","type":"aws_ecs_cluster","name":"ecs_cluster","provider_config_key":"aws","expressions":{"name":{"references":["local.ecs_cluster_full_name"]},"setting":[{"name":{"constant_value":"containerInsights"},"value":{"constant_value":"enabled"}}],"tags":{"references":["var.environment","var.app_name","var.default_tags"]}},"schema_version":0},{"address":"aws_iam_policy.s3_access_policy","mode":"managed","type":"aws_iam_policy","name":"s3_access_policy","provider_config_key":"aws","expressions":{"description":{"constant_value":"Policy for S3 access"},"name":{"references":["local.app_name_snake_case"]},"policy":{},"tags":{"references":["var.environment","var.app_name","var.default_tags"]}},"schema_version":0},{"address":"aws_iam_role.task_execution_role","mode":"managed","type":"aws_iam_role","name":"task_execution_role","provider_config_key":"aws","expressions":{"assume_role_policy":{},"name":{"references":["local.app_name_snake_case"]},"tags":{"references":["var.environment","var.app_name","var.default_tags"]}},"schema_version":0},{"address":"aws_iam_role.task_role","mode":"managed","type":"aws_iam_role","name":"task_role","provider_config_key":"aws","expressions":{"assume_role_policy":{},"name":{"references":["local.app_name_snake_case"]},"tags":{"references":["var.environment","var.app_name","var.default_tags"]}},"schema_version":0},{"address":"aws_iam_role_policy_attachment.policies_for_task_execution_role_attach","mode":"managed","type":"aws_iam_role_policy_attachment","name":"policies_for_task_execution_role_attach","provider_config_key":"aws","expressions":{"policy_arn":{"references":["data.aws_iam_policy.task_execution_role_policies","each.key"]},"role":{"references":["aws_iam_role.task_execution_role.id","aws_iam_role.task_execution_role"]}},"schema_version":0,"for_each_expression":{"references":["var.task_execution_policy_set"]}},{"address":"aws_iam_role_policy_attachment.s3_policy_to_task_role_attach","mode":"managed","type":"aws_iam_role_policy_attachment","name":"s3_policy_to_task_role_attach","provider_config_key":"aws","expressions":{"policy_arn":{"references":["aws_iam_policy.s3_access_policy.arn","aws_iam_policy.s3_access_policy"]},"role":{"references":["aws_iam_role.task_role.id","aws_iam_role.task_role"]}},"schema_version":0},{"address":"aws_internet_gateway.internet_gateway","mode":"managed","type":"aws_internet_gateway","name":"internet_gateway","provider_config_key":"aws","expressions":{"tags":{"references":["local.internet_gw_full_name","var.environment","var.app_name","var.default_tags"]}},"schema_version":0},{"address":"aws_internet_gateway_attachment.gateway_attachment","mode":"managed","type":"aws_internet_gateway_attachment","name":"gateway_attachment","provider_config_key":"aws","expressions":{"internet_gateway_id":{"references":["aws_internet_gateway.internet_gateway.id","aws_internet_gateway.internet_gateway"]},"vpc_id":{"references":["aws_vpc.vpc.id","aws_vpc.vpc"]}},"schema_version":0},{"address":"aws_lb.public_load_balancer","mode":"managed","type":"aws_lb","name":"public_load_balancer","provider_config_key":"aws","expressions":{"internal":{"constant_value":false},"load_balancer_type":{"constant_value":"application"},"name":{"references":["local.load_balancer_full_name"]},"security_groups":{"references":["aws_security_group.load_balancer_security_group.id","aws_security_group.load_balancer_security_group"]},"subnets":{"references":["aws_subnet.public_subnets"]},"tags":{"references":["var.environment","var.app_name","var.default_tags"]}},"schema_version":0},{"address":"aws_lb_listener.default_lb_listener","mode":"managed","type":"aws_lb_listener","name":"default_lb_listener","provider_config_key":"aws","expressions":{"default_action":[{"target_group_arn":{"references":["aws_lb_target_group.default_target_group.arn","aws_lb_target_group.default_target_group"]},"type":{"constant_value":"forward"}}],"load_balancer_arn":{"references":["aws_lb.public_load_balancer.arn","aws_lb.public_load_balancer"]},"port":{"constant_value":"80"},"protocol":{"constant_value":"HTTP"},"tags":{"references":["var.environment","var.app_name","var.default_tags"]}},"schema_version":0},{"address":"aws_lb_target_group.default_target_group","mode":"managed","type":"aws_lb_target_group","name":"default_target_group","provider_config_key":"aws","expressions":{"health_check":[{"healthy_threshold":{"constant_value":2},"interval":{"constant_value":6},"path":{"constant_value":"/"},"protocol":{"constant_value":"HTTP"},"timeout":{"constant_value":5},"unhealthy_threshold":{"constant_value":2}}],"name":{"references":["local.default_target_group_full_name"]},"port":{"constant_value":80},"protocol":{"constant_value":"HTTP"},"tags":{"references":["var.environment","var.app_name","var.default_tags"]},"vpc_id":{"references":["aws_vpc.vpc.id","aws_vpc.vpc"]}},"schema_version":0},{"address":"aws_route.public_route","mode":"managed","type":"aws_route","name":"public_route","provider_config_key":"aws","expressions":{"destination_cidr_block":{"constant_value":"0.0.0.0/0"},"gateway_id":{"references":["aws_internet_gateway.internet_gateway.id","aws_internet_gateway.internet_gateway"]},"route_table_id":{"references":["aws_route_table.public_route_table.id","aws_route_table.public_route_table"]}},"schema_version":0},{"address":"aws_route53_record.default_dsn_alias_record","mode":"managed","type":"aws_route53_record","name":"default_dsn_alias_record","provider_config_key":"aws","expressions":{"alias":[{"evaluate_target_health":{"constant_value":true},"name":{"references":["aws_lb.public_load_balancer.dns_name","aws_lb.public_load_balancer"]},"zone_id":{"references":["aws_lb.public_load_balancer.zone_id","aws_lb.public_load_balancer"]}}],"name":{"references":["var.dns_name","data.aws_route53_zone.hosted_zone.name","data.aws_route53_zone.hosted_zone"]},"type":{"constant_value":"A"},"zone_id":{"references":["data.aws_route53_zone.hosted_zone.zone_id","data.aws_route53_zone.hosted_zone"]}},"schema_version":2},{"address":"aws_route_table.public_route_table","mode":"managed","type":"aws_route_table","name":"public_route_table","provider_config_key":"aws","expressions":{"tags":{"references":["local.public_route_table_full_name","var.environment","var.app_name","var.default_tags"]},"vpc_id":{"references":["aws_vpc.vpc.id","aws_vpc.vpc"]}},"schema_version":0},{"address":"aws_route_table_association.public_subnet_route_table_assoc","mode":"managed","type":"aws_route_table_association","name":"public_subnet_route_table_assoc","provider_config_key":"aws","expressions":{"route_table_id":{"references":["aws_route_table.public_route_table.id","aws_route_table.public_route_table"]},"subnet_id":{"references":["aws_subnet.public_subnets","count.index"]}},"schema_version":0,"count_expression":{"references":["aws_subnet.public_subnets"]}},{"address":"aws_security_group.containers_sg","mode":"managed","type":"aws_security_group","name":"containers_sg","provider_config_key":"aws","expressions":{"name":{"references":["local.sg_fargate_instances_full_name"]},"tags":{"references":["var.environment","var.app_name","var.default_tags"]},"vpc_id":{"references":["aws_vpc.vpc.id","aws_vpc.vpc"]}},"schema_version":1},{"address":"aws_security_group.load_balancer_security_group","mode":"managed","type":"aws_security_group","name":"load_balancer_security_group","provider_config_key":"aws","expressions":{"egress":{"constant_value":[{"cidr_blocks":["0.0.0.0/0"],"description":null,"from_port":0,"ipv6_cidr_blocks":null,"prefix_list_ids":null,"protocol":"-1","security_groups":null,"self":null,"to_port":0}]},"ingress":{"constant_value":[{"cidr_blocks":["0.0.0.0/0"],"description":null,"from_port":0,"ipv6_cidr_blocks":null,"prefix_list_ids":null,"protocol":"-1","security_groups":null,"self":null,"to_port":0}]},"name":{"references":["local.sg_lb_full_name"]},"tags":{"references":["var.environment","var.app_name","var.default_tags"]},"vpc_id":{"references":["aws_vpc.vpc.id","aws_vpc.vpc"]}},"schema_version":1},{"address":"aws_subnet.private_subnets","mode":"managed","type":"aws_subnet","name":"private_subnets","provider_config_key":"aws","expressions":{"availability_zone":{"references":["data.aws_availability_zones.availability_zones.names","data.aws_availability_zones.availability_zones","count.index"]},"cidr_block":{"references":["aws_vpc.vpc.cidr_block","aws_vpc.vpc","local.number_az","count.index"]},"map_public_ip_on_launch":{"constant_value":false},"tags":{"references":["local.subnet_one_full_name","var.environment","var.app_name","var.default_tags"]},"vpc_id":{"references":["aws_vpc.vpc.id","aws_vpc.vpc"]}},"schema_version":1,"count_expression":{"references":["local.number_az"]}},{"address":"aws_subnet.public_subnets","mode":"managed","type":"aws_subnet","name":"public_subnets","provider_config_key":"aws","expressions":{"availability_zone":{"references":["data.aws_availability_zones.availability_zones.names","data.aws_availability_zones.availability_zones","count.index"]},"cidr_block":{"references":["aws_vpc.vpc.cidr_block","aws_vpc.vpc","count.index"]},"map_public_ip_on_launch":{"constant_value":true},"tags":{"references":["local.subnet_one_full_name","var.environment","var.app_name","var.default_tags"]},"vpc_id":{"references":["aws_vpc.vpc.id","aws_vpc.vpc"]}},"schema_version":1,"count_expression":{"references":["local.number_az"]}},{"address":"aws_vpc.vpc","mode":"managed","type":"aws_vpc","name":"vpc","provider_config_key":"aws","expressions":{"cidr_block":{"references":["local.mappings[\"SubnetConfig\"][\"VPC\"][\"CIDR\"]","local.mappings[\"SubnetConfig\"][\"VPC\"]","local.mappings[\"SubnetConfig\"]","local.mappings"]},"enable_dns_hostnames":{"constant_value":true},"enable_dns_support":{"constant_value":true},"tags":{"references":["local.vpc_full_name","var.environment","var.app_name","var.default_tags"]}},"schema_version":1},{"address":"aws_vpc_security_group_egress_rule.public_traffic_egress_rule","mode":"managed","type":"aws_vpc_security_group_egress_rule","name":"public_traffic_egress_rule","provider_config_key":"aws","expressions":{"cidr_ipv4":{"constant_value":"0.0.0.0/0"},"from_port":{"constant_value":-1},"ip_protocol":{"constant_value":"-1"},"security_group_id":{"references":["aws_security_group.containers_sg.id","aws_security_group.containers_sg"]},"to_port":{"constant_value":-1}},"schema_version":0},{"address":"aws_vpc_security_group_ingress_rule.traffic_for_8080_port_ingress_rule","mode":"managed","type":"aws_vpc_security_group_ingress_rule","name":"traffic_for_8080_port_ingress_rule","provider_config_key":"aws","expressions":{"cidr_ipv4":{"constant_value":"0.0.0.0/0"},"from_port":{"constant_value":8080},"ip_protocol":{"constant_value":"tcp"},"security_group_id":{"references":["aws_security_group.containers_sg.id","aws_security_group.containers_sg"]},"tags":{"references":["var.environment","var.app_name","var.default_tags"]},"to_port":{"constant_value":8080}},"schema_version":0},{"address":"aws_vpc_security_group_ingress_rule.traffic_from_lb_sg_ingress_rule","mode":"managed","type":"aws_vpc_security_group_ingress_rule","name":"traffic_from_lb_sg_ingress_rule","provider_config_key":"aws","expressions":{"from_port":{"constant_value":-1},"ip_protocol":{"constant_value":"-1"},"referenced_security_group_id":{"references":["aws_security_group.load_balancer_security_group.id","aws_security_group.load_balancer_security_group"]},"security_group_id":{"references":["aws_security_group.containers_sg.id","aws_security_group.containers_sg"]},"tags":{"references":["var.environment","var.app_name","var.default_tags"]},"to_port":{"constant_value":-1}},"schema_version":0},{"address":"aws_vpc_security_group_ingress_rule.traffic_from_sg_self_ingress_rule","mode":"managed","type":"aws_vpc_security_group_ingress_rule","name":"traffic_from_sg_self_ingress_rule","provider_config_key":"aws","expressions":{"from_port":{"constant_value":-1},"ip_protocol":{"constant_value":"-1"},"referenced_security_group_id":{"references":["aws_security_group.containers_sg.id","aws_security_group.containers_sg"]},"security_group_id":{"references":["aws_security_group.containers_sg.id","aws_security_group.containers_sg"]},"tags":{"references":["var.environment","var.app_name","var.default_tags"]},"to_port":{"constant_value":-1}},"schema_version":0},{"address":"data.aws_availability_zones.availability_zones","mode":"data","type":"aws_availability_zones","name":"availability_zones","provider_config_key":"aws","expressions":{"state":{"constant_value":"available"}},"schema_version":0},{"address":"data.aws_iam_policy.task_execution_role_policies","mode":"data","type":"aws_iam_policy","name":"task_execution_role_policies","provider_config_key":"aws","expressions":{"name":{"references":["each.value"]}},"schema_version":0,"for_each_expression":{"references":["var.task_execution_policy_set"]}},{"address":"data.aws_region.current_region","mode":"data","type":"aws_region","name":"current_region","provider_config_key":"aws","schema_version":0},{"address":"data.aws_route53_zone.hosted_zone","mode":"data","type":"aws_route53_zone","name":"hosted_zone","provider_config_key":"aws","expressions":{"name":{"references":["var.hosted_zone"]}},"schema_version":0}],"variables":{"app_name":{"default":"aws-network-stack","description":"Target application name, the default value is 'aws-network-stack'"},"default_tags":{"default":{"cloud_provider":"AWS","iac_tool":"Terraform","module_name":"aws_network_stack"},"description":"Default tags to add to all resources created inside of this module"},"dns_name":{},"environment":{"default":"dev","description":"Environment name to use the resources"},"hosted_zone":{"description":"Hosted Zone to use to create the alias to reach out it through a DNS, this must be created beforehand"},"subnet_one_cidr_block":{"default":"10.0.0.0/24","description":"CIDR for Subnet One"},"subnet_two_cidr_block":{"default":"10.0.1.0/24","description":"CIDR for Subnet Two"},"task_execution_policy_set":{"default":["AWSAppMeshEnvoyAccess","AWSXRayDaemonWriteAccess","AmazonECSTaskExecutionRolePolicy","CloudWatchLogsFullAccess"],"description":"Policies"},"vpc_cidr_block":{"default":"10.0.0.0/16","description":"CIDR for VPC"}}}}}}},"relevant_attributes":[{"resource":"module.aws_network_stack.aws_internet_gateway.internet_gateway","attribute":["id"]},{"resource":"module.aws_conciergeapp_stack.aws_appautoscaling_target.autoscaling_target","attribute":[]},{"resource":"module.aws_conciergeapp_stack.aws_service_discovery_private_dns_namespace.private_namespace","attribute":["id"]},{"resource":"module.aws_network_stack.aws_route53_record.default_dsn_alias_record","attribute":["name"]},{"resource":"module.aws_network_stack.aws_lb_listener.default_lb_listener","attribute":["arn"]},{"resource":"module.aws_network_stack.aws_lb.public_load_balancer","attribute":["arn"]},{"resource":"module.aws_network_stack.data.aws_route53_zone.hosted_zone","attribute":["name"]},{"resource":"module.aws_conciergeapp_stack.aws_security_group.database_sg","attribute":["id"]},{"resource":"module.aws_network_stack.data.aws_region.current_region","attribute":["name"]},{"resource":"module.aws_network_stack.aws_ecs_cluster.ecs_cluster","attribute":["name"]},{"resource":"module.aws_network_stack.aws_vpc.vpc","attribute":["id"]},{"resource":"module.aws_network_stack.aws_iam_role.task_role","attribute":["id"]},{"resource":"module.aws_network_stack.aws_lb.public_load_balancer","attribute":["zone_id"]},{"resource":"module.aws_network_stack.aws_iam_role.task_role","attribute":["arn"]},{"resource":"module.aws_network_stack.aws_route_table.public_route_table","attribute":["id"]},{"resource":"module.aws_conciergeapp_stack.aws_cloudwatch_log_group.app_log_group","attribute":["name"]},{"resource":"module.aws_network_stack.aws_iam_policy.s3_access_policy","attribute":["arn"]},{"resource":"module.aws_network_stack.data.aws_availability_zones.availability_zones","attribute":["names"]},{"resource":"module.aws_network_stack.aws_lb_target_group.default_target_group","attribute":["arn"]},{"resource":"module.aws_network_stack.aws_iam_role.task_execution_role","attribute":["id"]},{"resource":"module.aws_conciergeapp_stack.aws_ecs_task_definition.task_definition","attribute":[]},{"resource":"module.aws_network_stack.aws_subnet.public_subnets","attribute":[]},{"resource":"module.aws_network_stack.data.aws_iam_policy.task_execution_role_policies","attribute":[]},{"resource":"module.aws_network_stack.aws_iam_role.task_execution_role","attribute":["arn"]},{"resource":"module.aws_conciergeapp_stack.aws_lb_target_group.target_group","attribute":[]},{"resource":"module.aws_conciergeapp_stack.aws_service_discovery_service.discovery_service_instance","attribute":[]},{"resource":"module.aws_conciergeapp_stack.aws_ecs_service.ecs_service","attribute":[]},{"resource":"module.aws_network_stack.aws_security_group.containers_sg","attribute":["id"]},{"resource":"module.aws_network_stack.aws_security_group.load_balancer_security_group","attribute":["id"]},{"resource":"module.aws_network_stack.aws_vpc.vpc","attribute":["cidr_block"]},{"resource":"module.aws_network_stack.data.aws_route53_zone.hosted_zone","attribute":["zone_id"]},{"resource":"module.aws_network_stack.aws_lb.public_load_balancer","attribute":["dns_name"]}],"timestamp":"2023-10-11T23:38:05Z"}
